// !$*UTF8*$!
{
	archiveVersion = 1;
	classes = {
	};
	objectVersion = 50;
	objects = {

/* Begin PBXBuildFile section */
		7FB987A39C7DF7ED0D6B6105 /* Pods_CosTogether.framework in Frameworks */ = {isa = PBXBuildFile; fileRef = B5257392143C21ADCF01DFB0 /* Pods_CosTogether.framework */; };
		C80187F22173637700FAC704 /* get_started_slider.json in Resources */ = {isa = PBXBuildFile; fileRef = C80187F12173637700FAC704 /* get_started_slider.json */; };
		C80187F6217576BA00FAC704 /* GroupRootViewController.swift in Sources */ = {isa = PBXBuildFile; fileRef = C80187F5217576BA00FAC704 /* GroupRootViewController.swift */; };
		C80187F8217583A000FAC704 /* JoinHelpViewController.swift in Sources */ = {isa = PBXBuildFile; fileRef = C80187F7217583A000FAC704 /* JoinHelpViewController.swift */; };
		C80187FF21758BE100FAC704 /* OpenGroupRootViewController.swift in Sources */ = {isa = PBXBuildFile; fileRef = C80187FE21758BE100FAC704 /* OpenGroupRootViewController.swift */; };
		C80A71EA2162298D00ED4FE9 /* DetailManager.swift in Sources */ = {isa = PBXBuildFile; fileRef = C80A71E92162298D00ED4FE9 /* DetailManager.swift */; };
		C80B61EF216A10E100A59F28 /* ProductSettingView.swift in Sources */ = {isa = PBXBuildFile; fileRef = C80B61EE216A10E100A59F28 /* ProductSettingView.swift */; };
		C80B61F2216A43B700A59F28 /* BaseNotificationBanner+.swift in Sources */ = {isa = PBXBuildFile; fileRef = C80B61F1216A43B700A59F28 /* BaseNotificationBanner+.swift */; };
		C810BB3521592A3D0064A656 /* UIView+.swift in Sources */ = {isa = PBXBuildFile; fileRef = C810BB3421592A3D0064A656 /* UIView+.swift */; };
		C810BB392159E4630064A656 /* MainNavigationViewController.swift in Sources */ = {isa = PBXBuildFile; fileRef = C810BB382159E4630064A656 /* MainNavigationViewController.swift */; };
		C8138EE4217B38AF0073D259 /* AgreementViewController.swift in Sources */ = {isa = PBXBuildFile; fileRef = C8138EE3217B38AF0073D259 /* AgreementViewController.swift */; };
		C8154385215340A800B3446D /* FacebookManager.swift in Sources */ = {isa = PBXBuildFile; fileRef = C8154384215340A800B3446D /* FacebookManager.swift */; };
		C8154387215352A500B3446D /* FirebaseManager.swift in Sources */ = {isa = PBXBuildFile; fileRef = C8154386215352A500B3446D /* FirebaseManager.swift */; };
		C8215FD62151FAB6006BC7A3 /* AppDelegate.swift in Sources */ = {isa = PBXBuildFile; fileRef = C8215FD52151FAB6006BC7A3 /* AppDelegate.swift */; };
		C8215FDB2151FAB6006BC7A3 /* Main.storyboard in Resources */ = {isa = PBXBuildFile; fileRef = C8215FD92151FAB6006BC7A3 /* Main.storyboard */; };
		C8215FE02151FAB8006BC7A3 /* LaunchScreen.storyboard in Resources */ = {isa = PBXBuildFile; fileRef = C8215FDE2151FAB8006BC7A3 /* LaunchScreen.storyboard */; };
		C8215FE82151FAC4006BC7A3 /* GoogleService-Info.plist in Resources */ = {isa = PBXBuildFile; fileRef = C8215FE72151FAC4006BC7A3 /* GoogleService-Info.plist */; };
		C823A25F21675AA60066D635 /* ShareBuyViewController.swift in Sources */ = {isa = PBXBuildFile; fileRef = C823A25E21675AA60066D635 /* ShareBuyViewController.swift */; };
		C823A26121675B1C0066D635 /* HelpBuyViewController.swift in Sources */ = {isa = PBXBuildFile; fileRef = C823A26021675B1C0066D635 /* HelpBuyViewController.swift */; };
		C823A263216768820066D635 /* CreateGroupViewController.swift in Sources */ = {isa = PBXBuildFile; fileRef = C823A262216768820066D635 /* CreateGroupViewController.swift */; };
		C823A2662168B1A50066D635 /* Detail.storyboard in Resources */ = {isa = PBXBuildFile; fileRef = C823A2652168B1A50066D635 /* Detail.storyboard */; };
		C823A26A2169049D0066D635 /* CreateArticleView.swift in Sources */ = {isa = PBXBuildFile; fileRef = C823A2692169049D0066D635 /* CreateArticleView.swift */; };
		C827FAD8216080DA008AB665 /* Users.swift in Sources */ = {isa = PBXBuildFile; fileRef = C827FAD7216080DA008AB665 /* Users.swift */; };
		C82BA998215C891E00996B11 /* ProductPicTableViewCell.swift in Sources */ = {isa = PBXBuildFile; fileRef = C82BA996215C891E00996B11 /* ProductPicTableViewCell.swift */; };
		C82BA999215C891E00996B11 /* ProductPicTableViewCell.xib in Resources */ = {isa = PBXBuildFile; fileRef = C82BA997215C891E00996B11 /* ProductPicTableViewCell.xib */; };
		C82BA99C215CB04500996B11 /* CellClass.swift in Sources */ = {isa = PBXBuildFile; fileRef = C82BA99B215CB04500996B11 /* CellClass.swift */; };
		C82BA9A3215CD76000996B11 /* ArticleInfoTableViewCell.swift in Sources */ = {isa = PBXBuildFile; fileRef = C82BA9A1215CD76000996B11 /* ArticleInfoTableViewCell.swift */; };
		C82BA9A4215CD76000996B11 /* ArticleInfoTableViewCell.xib in Resources */ = {isa = PBXBuildFile; fileRef = C82BA9A2215CD76000996B11 /* ArticleInfoTableViewCell.xib */; };
		C82FA85E215A17D000B75284 /* DetailViewController.swift in Sources */ = {isa = PBXBuildFile; fileRef = C82FA85D215A17D000B75284 /* DetailViewController.swift */; };
		C82FA861215A3CED00B75284 /* MessageView.swift in Sources */ = {isa = PBXBuildFile; fileRef = C82FA860215A3CED00B75284 /* MessageView.swift */; };
		C8378BCF215B60F700CBAA51 /* ProductPicView.swift in Sources */ = {isa = PBXBuildFile; fileRef = C8378BCE215B60F700CBAA51 /* ProductPicView.swift */; };
		C83870752153AA8200E64493 /* UIAlertController+.swift in Sources */ = {isa = PBXBuildFile; fileRef = C83870742153AA8200E64493 /* UIAlertController+.swift */; };
		C84853ED2163BA5300EBCDFB /* Int+.swift in Sources */ = {isa = PBXBuildFile; fileRef = C84853EC2163BA5300EBCDFB /* Int+.swift */; };
		C8497505215670AF00555855 /* TabViewController.swift in Sources */ = {isa = PBXBuildFile; fileRef = C8497504215670AF00555855 /* TabViewController.swift */; };
		C84975142157742A00555855 /* MainPageViewController.swift in Sources */ = {isa = PBXBuildFile; fileRef = C84975132157742A00555855 /* MainPageViewController.swift */; };
		C849751A2157913E00555855 /* UISegmentedControl+.swift in Sources */ = {isa = PBXBuildFile; fileRef = C84975192157913E00555855 /* UISegmentedControl+.swift */; };
		C849751F21579BFE00555855 /* Fonts.swift in Sources */ = {isa = PBXBuildFile; fileRef = C849751E21579BFE00555855 /* Fonts.swift */; };
		C84975212157BAB100555855 /* ProductViewController.swift in Sources */ = {isa = PBXBuildFile; fileRef = C84975202157BAB100555855 /* ProductViewController.swift */; };
		C84975282157BD1F00555855 /* ProductCollectionViewCell.swift in Sources */ = {isa = PBXBuildFile; fileRef = C84975262157BD1F00555855 /* ProductCollectionViewCell.swift */; };
		C84975292157BD1F00555855 /* ProductCollectionViewCell.xib in Resources */ = {isa = PBXBuildFile; fileRef = C84975272157BD1F00555855 /* ProductCollectionViewCell.xib */; };
		C849752B2157C25D00555855 /* Product.swift in Sources */ = {isa = PBXBuildFile; fileRef = C849752A2157C25D00555855 /* Product.swift */; };
		C84AF26B216E013B00CF5A47 /* Date+.swift in Sources */ = {isa = PBXBuildFile; fileRef = C84AF26A216E013B00CF5A47 /* Date+.swift */; };
		C85151A12175B2B9007B1324 /* OwnShareBuyViewController.swift in Sources */ = {isa = PBXBuildFile; fileRef = C85151A02175B2B9007B1324 /* OwnShareBuyViewController.swift */; };
		C85151C22175D2D3007B1324 /* CosNavigationControllerViewController.swift in Sources */ = {isa = PBXBuildFile; fileRef = C85151C12175D2D3007B1324 /* CosNavigationControllerViewController.swift */; };
		C85151C42175E030007B1324 /* OwnHelpBuyViewController.swift in Sources */ = {isa = PBXBuildFile; fileRef = C85151C32175E030007B1324 /* OwnHelpBuyViewController.swift */; };
		C85151C62175F472007B1324 /* GroupHistory.storyboard in Resources */ = {isa = PBXBuildFile; fileRef = C85151C52175F472007B1324 /* GroupHistory.storyboard */; };
		C85151C82175F559007B1324 /* HistoryViewController.swift in Sources */ = {isa = PBXBuildFile; fileRef = C85151C72175F559007B1324 /* HistoryViewController.swift */; };
		C859E28C217FBCF000C2AF8F /* ImageTableViewCell.swift in Sources */ = {isa = PBXBuildFile; fileRef = C859E28A217FBCF000C2AF8F /* ImageTableViewCell.swift */; };
		C859E28D217FBCF100C2AF8F /* ImageTableViewCell.xib in Resources */ = {isa = PBXBuildFile; fileRef = C859E28B217FBCF000C2AF8F /* ImageTableViewCell.xib */; };
		C859E292217FCCE900C2AF8F /* ProductInfoTableViewCell.swift in Sources */ = {isa = PBXBuildFile; fileRef = C859E290217FCCE900C2AF8F /* ProductInfoTableViewCell.swift */; };
		C859E293217FCCE900C2AF8F /* ProductInfoTableViewCell.xib in Resources */ = {isa = PBXBuildFile; fileRef = C859E291217FCCE900C2AF8F /* ProductInfoTableViewCell.xib */; };
		C85D4F1B2154B22400D73D8F /* ErrorManager.swift in Sources */ = {isa = PBXBuildFile; fileRef = C85D4F1A2154B22400D73D8F /* ErrorManager.swift */; };
		C8786A10216CDE1B001D2C63 /* PickerView.swift in Sources */ = {isa = PBXBuildFile; fileRef = C8786A0F216CDE1B001D2C63 /* PickerView.swift */; };
		C87B44722167017300283767 /* OpenGroupType.swift in Sources */ = {isa = PBXBuildFile; fileRef = C87B44712167017300283767 /* OpenGroupType.swift */; };
		C87F8B09215D235A0060EA72 /* TopLogoView.swift in Sources */ = {isa = PBXBuildFile; fileRef = C87F8B08215D235A0060EA72 /* TopLogoView.swift */; };
		C87F8B0D215D42BA0060EA72 /* OrderTableViewCell.swift in Sources */ = {isa = PBXBuildFile; fileRef = C87F8B0B215D42BA0060EA72 /* OrderTableViewCell.swift */; };
		C87F8B0E215D42BA0060EA72 /* OrderTableViewCell.xib in Resources */ = {isa = PBXBuildFile; fileRef = C87F8B0C215D42BA0060EA72 /* OrderTableViewCell.xib */; };
		C87F8B14215DD2230060EA72 /* JoinGroupTableViewCell.swift in Sources */ = {isa = PBXBuildFile; fileRef = C87F8B12215DD2230060EA72 /* JoinGroupTableViewCell.swift */; };
		C87F8B15215DD2230060EA72 /* JoinGroupTableViewCell.xib in Resources */ = {isa = PBXBuildFile; fileRef = C87F8B13215DD2230060EA72 /* JoinGroupTableViewCell.xib */; };
		C8860982215FA649006B736A /* SendCommentTableViewCell.swift in Sources */ = {isa = PBXBuildFile; fileRef = C8860980215FA649006B736A /* SendCommentTableViewCell.swift */; };
		C8860983215FA649006B736A /* SendCommentTableViewCell.xib in Resources */ = {isa = PBXBuildFile; fileRef = C8860981215FA649006B736A /* SendCommentTableViewCell.xib */; };
		C888DB28216619010091F6F0 /* UIImage+.swift in Sources */ = {isa = PBXBuildFile; fileRef = C888DB27216619010091F6F0 /* UIImage+.swift */; };
		C8B77AFE2169B34F0067AC21 /* NewProductCollectionViewCell.swift in Sources */ = {isa = PBXBuildFile; fileRef = C8B77AFC2169B34F0067AC21 /* NewProductCollectionViewCell.swift */; };
		C8B77AFF2169B34F0067AC21 /* NewProductCollectionViewCell.xib in Resources */ = {isa = PBXBuildFile; fileRef = C8B77AFD2169B34F0067AC21 /* NewProductCollectionViewCell.xib */; };
		C8B77B022169BDA70067AC21 /* NewProductView.swift in Sources */ = {isa = PBXBuildFile; fileRef = C8B77B012169BDA70067AC21 /* NewProductView.swift */; };
		C8B77B042169DD850067AC21 /* AppendProductItem.storyboard in Resources */ = {isa = PBXBuildFile; fileRef = C8B77B032169DD850067AC21 /* AppendProductItem.storyboard */; };
		C8B77B062169DDEC0067AC21 /* AppendNewItemViewController.swift in Sources */ = {isa = PBXBuildFile; fileRef = C8B77B052169DDEC0067AC21 /* AppendNewItemViewController.swift */; };
		C8B91E72215FC79200F7CA3A /* ProfileViewController.swift in Sources */ = {isa = PBXBuildFile; fileRef = C8B91E71215FC79200F7CA3A /* ProfileViewController.swift */; };
		C8BCF0D7215E10A500A2B1B8 /* MemberCollectionViewCell.swift in Sources */ = {isa = PBXBuildFile; fileRef = C8BCF0D5215E10A500A2B1B8 /* MemberCollectionViewCell.swift */; };
		C8BCF0D8215E10A500A2B1B8 /* MemberCollectionViewCell.xib in Resources */ = {isa = PBXBuildFile; fileRef = C8BCF0D6215E10A500A2B1B8 /* MemberCollectionViewCell.xib */; };
		C8BCF0DE215E9CDD00A2B1B8 /* ProductDetailTableViewCell.swift in Sources */ = {isa = PBXBuildFile; fileRef = C8BCF0DC215E9CDD00A2B1B8 /* ProductDetailTableViewCell.swift */; };
		C8BCF0DF215E9CDD00A2B1B8 /* ProductDetailTableViewCell.xib in Resources */ = {isa = PBXBuildFile; fileRef = C8BCF0DD215E9CDD00A2B1B8 /* ProductDetailTableViewCell.xib */; };
		C8C2B476215F2B000033FB28 /* PreviousCommentTableViewCell.swift in Sources */ = {isa = PBXBuildFile; fileRef = C8C2B474215F2B000033FB28 /* PreviousCommentTableViewCell.swift */; };
		C8C2B477215F2B000033FB28 /* PreviousCommentTableViewCell.xib in Resources */ = {isa = PBXBuildFile; fileRef = C8C2B475215F2B000033FB28 /* PreviousCommentTableViewCell.xib */; };
		C8C2B47B215F8BB00033FB28 /* CommonTitleTableViewCell.swift in Sources */ = {isa = PBXBuildFile; fileRef = C8C2B479215F8BB00033FB28 /* CommonTitleTableViewCell.swift */; };
		C8C2B47C215F8BB00033FB28 /* CommonTitleTableViewCell.xib in Resources */ = {isa = PBXBuildFile; fileRef = C8C2B47A215F8BB00033FB28 /* CommonTitleTableViewCell.xib */; };
		C8D240982160D7EE00268F67 /* DataTypeModel.swift in Sources */ = {isa = PBXBuildFile; fileRef = C8D240972160D7EE00268F67 /* DataTypeModel.swift */; };
		C8E956B32176D2DF00473C6B /* UserCalculateHeaderTableViewCell.swift in Sources */ = {isa = PBXBuildFile; fileRef = C8E956B12176D2DF00473C6B /* UserCalculateHeaderTableViewCell.swift */; };
		C8E956B42176D2DF00473C6B /* UserCalculateHeaderTableViewCell.xib in Resources */ = {isa = PBXBuildFile; fileRef = C8E956B22176D2DF00473C6B /* UserCalculateHeaderTableViewCell.xib */; };
		C8E956B82177247600473C6B /* MyProductCollectionViewCell.swift in Sources */ = {isa = PBXBuildFile; fileRef = C8E956B62177247600473C6B /* MyProductCollectionViewCell.swift */; };
		C8E956B92177247600473C6B /* MyProductCollectionViewCell.xib in Resources */ = {isa = PBXBuildFile; fileRef = C8E956B72177247600473C6B /* MyProductCollectionViewCell.xib */; };
		C8E956BD2177449C00473C6B /* Notification.swift in Sources */ = {isa = PBXBuildFile; fileRef = C8E956BC2177449C00473C6B /* Notification.swift */; };
		C8EAD96121809348009E8823 /* GroupInfoTableViewCell.swift in Sources */ = {isa = PBXBuildFile; fileRef = C8EAD95F21809348009E8823 /* GroupInfoTableViewCell.swift */; };
		C8EAD96221809348009E8823 /* GroupInfoTableViewCell.xib in Resources */ = {isa = PBXBuildFile; fileRef = C8EAD96021809348009E8823 /* GroupInfoTableViewCell.xib */; };
		C8EAD96D2180AEBC009E8823 /* UserCalculateTableViewCell.swift in Sources */ = {isa = PBXBuildFile; fileRef = C8EAD96B2180AEBC009E8823 /* UserCalculateTableViewCell.swift */; };
		C8EAD96E2180AEBC009E8823 /* UserCalculateTableViewCell.xib in Resources */ = {isa = PBXBuildFile; fileRef = C8EAD96C2180AEBC009E8823 /* UserCalculateTableViewCell.xib */; };
		C8EAD9732180B848009E8823 /* UserCalculateHeader.swift in Sources */ = {isa = PBXBuildFile; fileRef = C8EAD9722180B848009E8823 /* UserCalculateHeader.swift */; };
		C8EAD9752180B856009E8823 /* UserCalculateHeader.xib in Resources */ = {isa = PBXBuildFile; fileRef = C8EAD9742180B856009E8823 /* UserCalculateHeader.xib */; };
		C8EAD9772180DE35009E8823 /* UserCalculateFooter.xib in Resources */ = {isa = PBXBuildFile; fileRef = C8EAD9762180DE35009E8823 /* UserCalculateFooter.xib */; };
		C8EAD9792180DE4C009E8823 /* UserCalculateFooter.swift in Sources */ = {isa = PBXBuildFile; fileRef = C8EAD9782180DE4C009E8823 /* UserCalculateFooter.swift */; };
		C8F8C924215227FA00BDB0CE /* LogIn.storyboard in Resources */ = {isa = PBXBuildFile; fileRef = C8F8C923215227FA00BDB0CE /* LogIn.storyboard */; };
		C8F8C92621522AC200BDB0CE /* LogInViewController.swift in Sources */ = {isa = PBXBuildFile; fileRef = C8F8C92521522AC200BDB0CE /* LogInViewController.swift */; };
		C8F8C92A2152375900BDB0CE /* UIStoryboard+.swift in Sources */ = {isa = PBXBuildFile; fileRef = C8F8C9292152375900BDB0CE /* UIStoryboard+.swift */; };
		C8F8C92D2152399200BDB0CE /* Assets.xcassets in Resources */ = {isa = PBXBuildFile; fileRef = C8F8C92C2152399200BDB0CE /* Assets.xcassets */; };
		C8F8C933215279F600BDB0CE /* FuturaExtraBlackItalic.ttf in Resources */ = {isa = PBXBuildFile; fileRef = C8F8C932215279E300BDB0CE /* FuturaExtraBlackItalic.ttf */; };
		C8FB98B8216103CC00C78926 /* ChatViewController.swift in Sources */ = {isa = PBXBuildFile; fileRef = C8FB98B7216103CC00C78926 /* ChatViewController.swift */; };
		C8FB98BB2161110E00C78926 /* UITableView+.swift in Sources */ = {isa = PBXBuildFile; fileRef = C8FB98BA2161110E00C78926 /* UITableView+.swift */; };
		C8FB98BD2161175B00C78926 /* ChatRoom.storyboard in Resources */ = {isa = PBXBuildFile; fileRef = C8FB98BC2161175B00C78926 /* ChatRoom.storyboard */; };
		C8FB98C1216118D300C78926 /* ChatRoomViewController.swift in Sources */ = {isa = PBXBuildFile; fileRef = C8FB98C0216118D300C78926 /* ChatRoomViewController.swift */; };
		C8FB98C42161244F00C78926 /* OhterMessageTableViewCell.swift in Sources */ = {isa = PBXBuildFile; fileRef = C8FB98C22161244F00C78926 /* OhterMessageTableViewCell.swift */; };
		C8FB98C52161244F00C78926 /* OhterMessageTableViewCell.xib in Resources */ = {isa = PBXBuildFile; fileRef = C8FB98C32161244F00C78926 /* OhterMessageTableViewCell.xib */; };
		C8FB98C8216186F800C78926 /* JoinShareGroupViewController.swift in Sources */ = {isa = PBXBuildFile; fileRef = C8FB98C7216186F800C78926 /* JoinShareGroupViewController.swift */; };
		C8FB98CF2161951A00C78926 /* GroupTableViewCell.swift in Sources */ = {isa = PBXBuildFile; fileRef = C8FB98CD2161951A00C78926 /* GroupTableViewCell.swift */; };
		C8FB98D02161951A00C78926 /* GroupTableViewCell.xib in Resources */ = {isa = PBXBuildFile; fileRef = C8FB98CE2161951A00C78926 /* GroupTableViewCell.xib */; };
		C8FCA3AF215BC5AB008724A3 /* ArticleInfoView.swift in Sources */ = {isa = PBXBuildFile; fileRef = C8FCA3AE215BC5AB008724A3 /* ArticleInfoView.swift */; };
		C8FCA3B2215BCD61008724A3 /* ProductItemTableViewCell.swift in Sources */ = {isa = PBXBuildFile; fileRef = C8FCA3B0215BCD61008724A3 /* ProductItemTableViewCell.swift */; };
		C8FCA3B3215BCD61008724A3 /* ProductItemTableViewCell.xib in Resources */ = {isa = PBXBuildFile; fileRef = C8FCA3B1215BCD61008724A3 /* ProductItemTableViewCell.xib */; };
/* End PBXBuildFile section */

/* Begin PBXFileReference section */
		33ED0C0E585EB4AE1778949B /* Pods-CosTogether.release.xcconfig */ = {isa = PBXFileReference; includeInIndex = 1; lastKnownFileType = text.xcconfig; name = "Pods-CosTogether.release.xcconfig"; path = "Pods/Target Support Files/Pods-CosTogether/Pods-CosTogether.release.xcconfig"; sourceTree = "<group>"; };
		69B08EB91AF6B59E4F5A2856 /* Pods-CosTogether.debug.xcconfig */ = {isa = PBXFileReference; includeInIndex = 1; lastKnownFileType = text.xcconfig; name = "Pods-CosTogether.debug.xcconfig"; path = "Pods/Target Support Files/Pods-CosTogether/Pods-CosTogether.debug.xcconfig"; sourceTree = "<group>"; };
		B5257392143C21ADCF01DFB0 /* Pods_CosTogether.framework */ = {isa = PBXFileReference; explicitFileType = wrapper.framework; includeInIndex = 0; path = Pods_CosTogether.framework; sourceTree = BUILT_PRODUCTS_DIR; };
		C80187F12173637700FAC704 /* get_started_slider.json */ = {isa = PBXFileReference; fileEncoding = 4; lastKnownFileType = text.json; path = get_started_slider.json; sourceTree = "<group>"; };
		C80187F5217576BA00FAC704 /* GroupRootViewController.swift */ = {isa = PBXFileReference; lastKnownFileType = sourcecode.swift; path = GroupRootViewController.swift; sourceTree = "<group>"; };
		C80187F7217583A000FAC704 /* JoinHelpViewController.swift */ = {isa = PBXFileReference; lastKnownFileType = sourcecode.swift; path = JoinHelpViewController.swift; sourceTree = "<group>"; };
		C80187FE21758BE100FAC704 /* OpenGroupRootViewController.swift */ = {isa = PBXFileReference; lastKnownFileType = sourcecode.swift; path = OpenGroupRootViewController.swift; sourceTree = "<group>"; };
		C80A71E92162298D00ED4FE9 /* DetailManager.swift */ = {isa = PBXFileReference; lastKnownFileType = sourcecode.swift; path = DetailManager.swift; sourceTree = "<group>"; };
		C80B61EE216A10E100A59F28 /* ProductSettingView.swift */ = {isa = PBXFileReference; lastKnownFileType = sourcecode.swift; path = ProductSettingView.swift; sourceTree = "<group>"; };
		C80B61F1216A43B700A59F28 /* BaseNotificationBanner+.swift */ = {isa = PBXFileReference; lastKnownFileType = sourcecode.swift; path = "BaseNotificationBanner+.swift"; sourceTree = "<group>"; };
		C810BB3421592A3D0064A656 /* UIView+.swift */ = {isa = PBXFileReference; lastKnownFileType = sourcecode.swift; path = "UIView+.swift"; sourceTree = "<group>"; };
		C810BB382159E4630064A656 /* MainNavigationViewController.swift */ = {isa = PBXFileReference; lastKnownFileType = sourcecode.swift; path = MainNavigationViewController.swift; sourceTree = "<group>"; };
		C8138EE3217B38AF0073D259 /* AgreementViewController.swift */ = {isa = PBXFileReference; lastKnownFileType = sourcecode.swift; path = AgreementViewController.swift; sourceTree = "<group>"; };
		C8154384215340A800B3446D /* FacebookManager.swift */ = {isa = PBXFileReference; lastKnownFileType = sourcecode.swift; path = FacebookManager.swift; sourceTree = "<group>"; };
		C8154386215352A500B3446D /* FirebaseManager.swift */ = {isa = PBXFileReference; lastKnownFileType = sourcecode.swift; path = FirebaseManager.swift; sourceTree = "<group>"; };
		C8215FD22151FAB6006BC7A3 /* CosTogether.app */ = {isa = PBXFileReference; explicitFileType = wrapper.application; includeInIndex = 0; path = CosTogether.app; sourceTree = BUILT_PRODUCTS_DIR; };
		C8215FD52151FAB6006BC7A3 /* AppDelegate.swift */ = {isa = PBXFileReference; lastKnownFileType = sourcecode.swift; path = AppDelegate.swift; sourceTree = "<group>"; };
		C8215FDA2151FAB6006BC7A3 /* Base */ = {isa = PBXFileReference; lastKnownFileType = file.storyboard; name = Base; path = Base.lproj/Main.storyboard; sourceTree = "<group>"; };
		C8215FDF2151FAB8006BC7A3 /* Base */ = {isa = PBXFileReference; lastKnownFileType = file.storyboard; name = Base; path = Base.lproj/LaunchScreen.storyboard; sourceTree = "<group>"; };
		C8215FE12151FAB8006BC7A3 /* Info.plist */ = {isa = PBXFileReference; lastKnownFileType = text.plist.xml; path = Info.plist; sourceTree = "<group>"; };
		C8215FE72151FAC4006BC7A3 /* GoogleService-Info.plist */ = {isa = PBXFileReference; fileEncoding = 4; lastKnownFileType = text.plist.xml; path = "GoogleService-Info.plist"; sourceTree = "<group>"; };
		C823A25E21675AA60066D635 /* ShareBuyViewController.swift */ = {isa = PBXFileReference; lastKnownFileType = sourcecode.swift; path = ShareBuyViewController.swift; sourceTree = "<group>"; };
		C823A26021675B1C0066D635 /* HelpBuyViewController.swift */ = {isa = PBXFileReference; lastKnownFileType = sourcecode.swift; path = HelpBuyViewController.swift; sourceTree = "<group>"; };
		C823A262216768820066D635 /* CreateGroupViewController.swift */ = {isa = PBXFileReference; lastKnownFileType = sourcecode.swift; path = CreateGroupViewController.swift; sourceTree = "<group>"; };
		C823A2652168B1A50066D635 /* Detail.storyboard */ = {isa = PBXFileReference; lastKnownFileType = file.storyboard; path = Detail.storyboard; sourceTree = "<group>"; };
		C823A2692169049D0066D635 /* CreateArticleView.swift */ = {isa = PBXFileReference; lastKnownFileType = sourcecode.swift; path = CreateArticleView.swift; sourceTree = "<group>"; };
		C827FAD7216080DA008AB665 /* Users.swift */ = {isa = PBXFileReference; lastKnownFileType = sourcecode.swift; path = Users.swift; sourceTree = "<group>"; };
		C82BA994215C74B800996B11 /* Didot HTFB96 Bold.otf */ = {isa = PBXFileReference; lastKnownFileType = file; path = "Didot HTFB96 Bold.otf"; sourceTree = "<group>"; };
		C82BA995215C78CB00996B11 /* New Baskerville BT.ttf */ = {isa = PBXFileReference; lastKnownFileType = file; path = "New Baskerville BT.ttf"; sourceTree = "<group>"; };
		C82BA996215C891E00996B11 /* ProductPicTableViewCell.swift */ = {isa = PBXFileReference; lastKnownFileType = sourcecode.swift; path = ProductPicTableViewCell.swift; sourceTree = "<group>"; };
		C82BA997215C891E00996B11 /* ProductPicTableViewCell.xib */ = {isa = PBXFileReference; lastKnownFileType = file.xib; path = ProductPicTableViewCell.xib; sourceTree = "<group>"; };
		C82BA99B215CB04500996B11 /* CellClass.swift */ = {isa = PBXFileReference; lastKnownFileType = sourcecode.swift; path = CellClass.swift; sourceTree = "<group>"; };
		C82BA9A1215CD76000996B11 /* ArticleInfoTableViewCell.swift */ = {isa = PBXFileReference; lastKnownFileType = sourcecode.swift; path = ArticleInfoTableViewCell.swift; sourceTree = "<group>"; };
		C82BA9A2215CD76000996B11 /* ArticleInfoTableViewCell.xib */ = {isa = PBXFileReference; lastKnownFileType = file.xib; path = ArticleInfoTableViewCell.xib; sourceTree = "<group>"; };
		C82FA85D215A17D000B75284 /* DetailViewController.swift */ = {isa = PBXFileReference; fileEncoding = 4; lastKnownFileType = sourcecode.swift; path = DetailViewController.swift; sourceTree = "<group>"; };
		C82FA860215A3CED00B75284 /* MessageView.swift */ = {isa = PBXFileReference; lastKnownFileType = sourcecode.swift; path = MessageView.swift; sourceTree = "<group>"; };
		C8378BCE215B60F700CBAA51 /* ProductPicView.swift */ = {isa = PBXFileReference; lastKnownFileType = sourcecode.swift; path = ProductPicView.swift; sourceTree = "<group>"; };
		C83870742153AA8200E64493 /* UIAlertController+.swift */ = {isa = PBXFileReference; lastKnownFileType = sourcecode.swift; path = "UIAlertController+.swift"; sourceTree = "<group>"; };
		C84853EC2163BA5300EBCDFB /* Int+.swift */ = {isa = PBXFileReference; lastKnownFileType = sourcecode.swift; path = "Int+.swift"; sourceTree = "<group>"; };
		C8497504215670AF00555855 /* TabViewController.swift */ = {isa = PBXFileReference; lastKnownFileType = sourcecode.swift; path = TabViewController.swift; sourceTree = "<group>"; };
		C849750621567C1B00555855 /* 中文仿宋體.ttf */ = {isa = PBXFileReference; lastKnownFileType = file; path = "中文仿宋體.ttf"; sourceTree = "<group>"; };
		C849750721567C2100555855 /* 宋體 繁.ttc */ = {isa = PBXFileReference; lastKnownFileType = file; path = "宋體 繁.ttc"; sourceTree = "<group>"; };
		C849750821567FDB00555855 /* NotoSans-Bold.ttf */ = {isa = PBXFileReference; lastKnownFileType = file; path = "NotoSans-Bold.ttf"; sourceTree = "<group>"; };
		C849750C2156811300555855 /* NotoSans-Regular.ttf */ = {isa = PBXFileReference; lastKnownFileType = file; path = "NotoSans-Regular.ttf"; sourceTree = "<group>"; };
		C84975132157742A00555855 /* MainPageViewController.swift */ = {isa = PBXFileReference; lastKnownFileType = sourcecode.swift; name = MainPageViewController.swift; path = /Users/georgeliu/Desktop/CosTogether/CosTogether/CosTogether/ViewController/MainPageViewController.swift; sourceTree = "<absolute>"; };
		C84975192157913E00555855 /* UISegmentedControl+.swift */ = {isa = PBXFileReference; lastKnownFileType = sourcecode.swift; path = "UISegmentedControl+.swift"; sourceTree = "<group>"; };
		C849751E21579BFE00555855 /* Fonts.swift */ = {isa = PBXFileReference; fileEncoding = 4; lastKnownFileType = sourcecode.swift; path = Fonts.swift; sourceTree = "<group>"; };
		C84975202157BAB100555855 /* ProductViewController.swift */ = {isa = PBXFileReference; lastKnownFileType = sourcecode.swift; path = ProductViewController.swift; sourceTree = "<group>"; };
		C84975262157BD1F00555855 /* ProductCollectionViewCell.swift */ = {isa = PBXFileReference; lastKnownFileType = sourcecode.swift; path = ProductCollectionViewCell.swift; sourceTree = "<group>"; };
		C84975272157BD1F00555855 /* ProductCollectionViewCell.xib */ = {isa = PBXFileReference; lastKnownFileType = file.xib; path = ProductCollectionViewCell.xib; sourceTree = "<group>"; };
		C849752A2157C25D00555855 /* Product.swift */ = {isa = PBXFileReference; lastKnownFileType = sourcecode.swift; path = Product.swift; sourceTree = "<group>"; };
		C84AF26A216E013B00CF5A47 /* Date+.swift */ = {isa = PBXFileReference; lastKnownFileType = sourcecode.swift; path = "Date+.swift"; sourceTree = "<group>"; };
		C85151A02175B2B9007B1324 /* OwnShareBuyViewController.swift */ = {isa = PBXFileReference; lastKnownFileType = sourcecode.swift; path = OwnShareBuyViewController.swift; sourceTree = "<group>"; };
		C85151C12175D2D3007B1324 /* CosNavigationControllerViewController.swift */ = {isa = PBXFileReference; lastKnownFileType = sourcecode.swift; path = CosNavigationControllerViewController.swift; sourceTree = "<group>"; };
		C85151C32175E030007B1324 /* OwnHelpBuyViewController.swift */ = {isa = PBXFileReference; lastKnownFileType = sourcecode.swift; path = OwnHelpBuyViewController.swift; sourceTree = "<group>"; };
		C85151C52175F472007B1324 /* GroupHistory.storyboard */ = {isa = PBXFileReference; lastKnownFileType = file.storyboard; path = GroupHistory.storyboard; sourceTree = "<group>"; };
		C85151C72175F559007B1324 /* HistoryViewController.swift */ = {isa = PBXFileReference; lastKnownFileType = sourcecode.swift; path = HistoryViewController.swift; sourceTree = "<group>"; };
		C859E28A217FBCF000C2AF8F /* ImageTableViewCell.swift */ = {isa = PBXFileReference; lastKnownFileType = sourcecode.swift; path = ImageTableViewCell.swift; sourceTree = "<group>"; };
		C859E28B217FBCF000C2AF8F /* ImageTableViewCell.xib */ = {isa = PBXFileReference; lastKnownFileType = file.xib; path = ImageTableViewCell.xib; sourceTree = "<group>"; };
		C859E290217FCCE900C2AF8F /* ProductInfoTableViewCell.swift */ = {isa = PBXFileReference; lastKnownFileType = sourcecode.swift; path = ProductInfoTableViewCell.swift; sourceTree = "<group>"; };
		C859E291217FCCE900C2AF8F /* ProductInfoTableViewCell.xib */ = {isa = PBXFileReference; lastKnownFileType = file.xib; path = ProductInfoTableViewCell.xib; sourceTree = "<group>"; };
		C85D4F1A2154B22400D73D8F /* ErrorManager.swift */ = {isa = PBXFileReference; lastKnownFileType = sourcecode.swift; path = ErrorManager.swift; sourceTree = "<group>"; };
		C8786A0F216CDE1B001D2C63 /* PickerView.swift */ = {isa = PBXFileReference; lastKnownFileType = sourcecode.swift; path = PickerView.swift; sourceTree = "<group>"; };
		C87B44712167017300283767 /* OpenGroupType.swift */ = {isa = PBXFileReference; lastKnownFileType = sourcecode.swift; path = OpenGroupType.swift; sourceTree = "<group>"; };
		C87F8B08215D235A0060EA72 /* TopLogoView.swift */ = {isa = PBXFileReference; lastKnownFileType = sourcecode.swift; path = TopLogoView.swift; sourceTree = "<group>"; };
		C87F8B0B215D42BA0060EA72 /* OrderTableViewCell.swift */ = {isa = PBXFileReference; lastKnownFileType = sourcecode.swift; path = OrderTableViewCell.swift; sourceTree = "<group>"; };
		C87F8B0C215D42BA0060EA72 /* OrderTableViewCell.xib */ = {isa = PBXFileReference; lastKnownFileType = file.xib; path = OrderTableViewCell.xib; sourceTree = "<group>"; };
		C87F8B12215DD2230060EA72 /* JoinGroupTableViewCell.swift */ = {isa = PBXFileReference; lastKnownFileType = sourcecode.swift; path = JoinGroupTableViewCell.swift; sourceTree = "<group>"; };
		C87F8B13215DD2230060EA72 /* JoinGroupTableViewCell.xib */ = {isa = PBXFileReference; lastKnownFileType = file.xib; path = JoinGroupTableViewCell.xib; sourceTree = "<group>"; };
		C8860980215FA649006B736A /* SendCommentTableViewCell.swift */ = {isa = PBXFileReference; lastKnownFileType = sourcecode.swift; path = SendCommentTableViewCell.swift; sourceTree = "<group>"; };
		C8860981215FA649006B736A /* SendCommentTableViewCell.xib */ = {isa = PBXFileReference; lastKnownFileType = file.xib; path = SendCommentTableViewCell.xib; sourceTree = "<group>"; };
		C888DB27216619010091F6F0 /* UIImage+.swift */ = {isa = PBXFileReference; fileEncoding = 4; lastKnownFileType = sourcecode.swift; path = "UIImage+.swift"; sourceTree = "<group>"; };
		C8B77AFC2169B34F0067AC21 /* NewProductCollectionViewCell.swift */ = {isa = PBXFileReference; lastKnownFileType = sourcecode.swift; path = NewProductCollectionViewCell.swift; sourceTree = "<group>"; };
		C8B77AFD2169B34F0067AC21 /* NewProductCollectionViewCell.xib */ = {isa = PBXFileReference; lastKnownFileType = file.xib; path = NewProductCollectionViewCell.xib; sourceTree = "<group>"; };
		C8B77B012169BDA70067AC21 /* NewProductView.swift */ = {isa = PBXFileReference; lastKnownFileType = sourcecode.swift; path = NewProductView.swift; sourceTree = "<group>"; };
		C8B77B032169DD850067AC21 /* AppendProductItem.storyboard */ = {isa = PBXFileReference; lastKnownFileType = file.storyboard; path = AppendProductItem.storyboard; sourceTree = "<group>"; };
		C8B77B052169DDEC0067AC21 /* AppendNewItemViewController.swift */ = {isa = PBXFileReference; lastKnownFileType = sourcecode.swift; path = AppendNewItemViewController.swift; sourceTree = "<group>"; };
		C8B91E71215FC79200F7CA3A /* ProfileViewController.swift */ = {isa = PBXFileReference; lastKnownFileType = sourcecode.swift; path = ProfileViewController.swift; sourceTree = "<group>"; };
		C8BCF0D5215E10A500A2B1B8 /* MemberCollectionViewCell.swift */ = {isa = PBXFileReference; lastKnownFileType = sourcecode.swift; path = MemberCollectionViewCell.swift; sourceTree = "<group>"; };
		C8BCF0D6215E10A500A2B1B8 /* MemberCollectionViewCell.xib */ = {isa = PBXFileReference; lastKnownFileType = file.xib; path = MemberCollectionViewCell.xib; sourceTree = "<group>"; };
		C8BCF0DC215E9CDD00A2B1B8 /* ProductDetailTableViewCell.swift */ = {isa = PBXFileReference; lastKnownFileType = sourcecode.swift; path = ProductDetailTableViewCell.swift; sourceTree = "<group>"; };
		C8BCF0DD215E9CDD00A2B1B8 /* ProductDetailTableViewCell.xib */ = {isa = PBXFileReference; lastKnownFileType = file.xib; path = ProductDetailTableViewCell.xib; sourceTree = "<group>"; };
		C8C2B474215F2B000033FB28 /* PreviousCommentTableViewCell.swift */ = {isa = PBXFileReference; lastKnownFileType = sourcecode.swift; path = PreviousCommentTableViewCell.swift; sourceTree = "<group>"; };
		C8C2B475215F2B000033FB28 /* PreviousCommentTableViewCell.xib */ = {isa = PBXFileReference; lastKnownFileType = file.xib; path = PreviousCommentTableViewCell.xib; sourceTree = "<group>"; };
		C8C2B479215F8BB00033FB28 /* CommonTitleTableViewCell.swift */ = {isa = PBXFileReference; lastKnownFileType = sourcecode.swift; path = CommonTitleTableViewCell.swift; sourceTree = "<group>"; };
		C8C2B47A215F8BB00033FB28 /* CommonTitleTableViewCell.xib */ = {isa = PBXFileReference; lastKnownFileType = file.xib; path = CommonTitleTableViewCell.xib; sourceTree = "<group>"; };
		C8D240972160D7EE00268F67 /* DataTypeModel.swift */ = {isa = PBXFileReference; lastKnownFileType = sourcecode.swift; path = DataTypeModel.swift; sourceTree = "<group>"; };
		C8E956B12176D2DF00473C6B /* UserCalculateHeaderTableViewCell.swift */ = {isa = PBXFileReference; lastKnownFileType = sourcecode.swift; path = UserCalculateHeaderTableViewCell.swift; sourceTree = "<group>"; };
		C8E956B22176D2DF00473C6B /* UserCalculateHeaderTableViewCell.xib */ = {isa = PBXFileReference; lastKnownFileType = file.xib; path = UserCalculateHeaderTableViewCell.xib; sourceTree = "<group>"; };
		C8E956B62177247600473C6B /* MyProductCollectionViewCell.swift */ = {isa = PBXFileReference; lastKnownFileType = sourcecode.swift; path = MyProductCollectionViewCell.swift; sourceTree = "<group>"; };
		C8E956B72177247600473C6B /* MyProductCollectionViewCell.xib */ = {isa = PBXFileReference; lastKnownFileType = file.xib; path = MyProductCollectionViewCell.xib; sourceTree = "<group>"; };
		C8E956BC2177449C00473C6B /* Notification.swift */ = {isa = PBXFileReference; lastKnownFileType = sourcecode.swift; path = Notification.swift; sourceTree = "<group>"; };
		C8EAD95F21809348009E8823 /* GroupInfoTableViewCell.swift */ = {isa = PBXFileReference; lastKnownFileType = sourcecode.swift; path = GroupInfoTableViewCell.swift; sourceTree = "<group>"; };
		C8EAD96021809348009E8823 /* GroupInfoTableViewCell.xib */ = {isa = PBXFileReference; lastKnownFileType = file.xib; path = GroupInfoTableViewCell.xib; sourceTree = "<group>"; };
		C8EAD96B2180AEBC009E8823 /* UserCalculateTableViewCell.swift */ = {isa = PBXFileReference; lastKnownFileType = sourcecode.swift; path = UserCalculateTableViewCell.swift; sourceTree = "<group>"; };
		C8EAD96C2180AEBC009E8823 /* UserCalculateTableViewCell.xib */ = {isa = PBXFileReference; lastKnownFileType = file.xib; path = UserCalculateTableViewCell.xib; sourceTree = "<group>"; };
		C8EAD9722180B848009E8823 /* UserCalculateHeader.swift */ = {isa = PBXFileReference; lastKnownFileType = sourcecode.swift; path = UserCalculateHeader.swift; sourceTree = "<group>"; };
		C8EAD9742180B856009E8823 /* UserCalculateHeader.xib */ = {isa = PBXFileReference; lastKnownFileType = file.xib; path = UserCalculateHeader.xib; sourceTree = "<group>"; };
		C8EAD9762180DE35009E8823 /* UserCalculateFooter.xib */ = {isa = PBXFileReference; lastKnownFileType = file.xib; path = UserCalculateFooter.xib; sourceTree = "<group>"; };
		C8EAD9782180DE4C009E8823 /* UserCalculateFooter.swift */ = {isa = PBXFileReference; lastKnownFileType = sourcecode.swift; path = UserCalculateFooter.swift; sourceTree = "<group>"; };
		C8F8C923215227FA00BDB0CE /* LogIn.storyboard */ = {isa = PBXFileReference; lastKnownFileType = file.storyboard; path = LogIn.storyboard; sourceTree = "<group>"; };
		C8F8C92521522AC200BDB0CE /* LogInViewController.swift */ = {isa = PBXFileReference; lastKnownFileType = sourcecode.swift; path = LogInViewController.swift; sourceTree = "<group>"; };
		C8F8C9292152375900BDB0CE /* UIStoryboard+.swift */ = {isa = PBXFileReference; lastKnownFileType = sourcecode.swift; path = "UIStoryboard+.swift"; sourceTree = "<group>"; };
		C8F8C92C2152399200BDB0CE /* Assets.xcassets */ = {isa = PBXFileReference; lastKnownFileType = folder.assetcatalog; path = Assets.xcassets; sourceTree = "<group>"; };
		C8F8C932215279E300BDB0CE /* FuturaExtraBlackItalic.ttf */ = {isa = PBXFileReference; lastKnownFileType = file; path = FuturaExtraBlackItalic.ttf; sourceTree = "<group>"; };
		C8FB98B7216103CC00C78926 /* ChatViewController.swift */ = {isa = PBXFileReference; lastKnownFileType = sourcecode.swift; path = ChatViewController.swift; sourceTree = "<group>"; };
		C8FB98BA2161110E00C78926 /* UITableView+.swift */ = {isa = PBXFileReference; lastKnownFileType = sourcecode.swift; path = "UITableView+.swift"; sourceTree = "<group>"; };
		C8FB98BC2161175B00C78926 /* ChatRoom.storyboard */ = {isa = PBXFileReference; lastKnownFileType = file.storyboard; path = ChatRoom.storyboard; sourceTree = "<group>"; };
		C8FB98C0216118D300C78926 /* ChatRoomViewController.swift */ = {isa = PBXFileReference; lastKnownFileType = sourcecode.swift; path = ChatRoomViewController.swift; sourceTree = "<group>"; };
		C8FB98C22161244F00C78926 /* OhterMessageTableViewCell.swift */ = {isa = PBXFileReference; lastKnownFileType = sourcecode.swift; path = OhterMessageTableViewCell.swift; sourceTree = "<group>"; };
		C8FB98C32161244F00C78926 /* OhterMessageTableViewCell.xib */ = {isa = PBXFileReference; lastKnownFileType = file.xib; path = OhterMessageTableViewCell.xib; sourceTree = "<group>"; };
		C8FB98C7216186F800C78926 /* JoinShareGroupViewController.swift */ = {isa = PBXFileReference; lastKnownFileType = sourcecode.swift; path = JoinShareGroupViewController.swift; sourceTree = "<group>"; };
		C8FB98CD2161951A00C78926 /* GroupTableViewCell.swift */ = {isa = PBXFileReference; lastKnownFileType = sourcecode.swift; path = GroupTableViewCell.swift; sourceTree = "<group>"; };
		C8FB98CE2161951A00C78926 /* GroupTableViewCell.xib */ = {isa = PBXFileReference; lastKnownFileType = file.xib; path = GroupTableViewCell.xib; sourceTree = "<group>"; };
		C8FCA3AE215BC5AB008724A3 /* ArticleInfoView.swift */ = {isa = PBXFileReference; lastKnownFileType = sourcecode.swift; path = ArticleInfoView.swift; sourceTree = "<group>"; };
		C8FCA3B0215BCD61008724A3 /* ProductItemTableViewCell.swift */ = {isa = PBXFileReference; lastKnownFileType = sourcecode.swift; path = ProductItemTableViewCell.swift; sourceTree = "<group>"; };
		C8FCA3B1215BCD61008724A3 /* ProductItemTableViewCell.xib */ = {isa = PBXFileReference; lastKnownFileType = file.xib; path = ProductItemTableViewCell.xib; sourceTree = "<group>"; };
/* End PBXFileReference section */

/* Begin PBXFrameworksBuildPhase section */
		C8215FCF2151FAB6006BC7A3 /* Frameworks */ = {
			isa = PBXFrameworksBuildPhase;
			buildActionMask = 2147483647;
			files = (
				7FB987A39C7DF7ED0D6B6105 /* Pods_CosTogether.framework in Frameworks */,
			);
			runOnlyForDeploymentPostprocessing = 0;
		};
/* End PBXFrameworksBuildPhase section */

/* Begin PBXGroup section */
		07C8581ADC8AEC8D2E036FCB /* Frameworks */ = {
			isa = PBXGroup;
			children = (
				B5257392143C21ADCF01DFB0 /* Pods_CosTogether.framework */,
			);
			name = Frameworks;
			sourceTree = "<group>";
		};
		4E99B70E7CD0AAB67E19D8A6 /* Pods */ = {
			isa = PBXGroup;
			children = (
				69B08EB91AF6B59E4F5A2856 /* Pods-CosTogether.debug.xcconfig */,
				33ED0C0E585EB4AE1778949B /* Pods-CosTogether.release.xcconfig */,
			);
			name = Pods;
			sourceTree = "<group>";
		};
		C80187F02173634800FAC704 /* Lottie */ = {
			isa = PBXGroup;
			children = (
				C80187F12173637700FAC704 /* get_started_slider.json */,
			);
			path = Lottie;
			sourceTree = "<group>";
		};
		C80A71EB2162299300ED4FE9 /* Detail */ = {
			isa = PBXGroup;
			children = (
				C80A71E92162298D00ED4FE9 /* DetailManager.swift */,
			);
			path = Detail;
			sourceTree = "<group>";
		};
		C80B61F0216A112B00A59F28 /* ProductSetting */ = {
			isa = PBXGroup;
			children = (
				C80B61EE216A10E100A59F28 /* ProductSettingView.swift */,
			);
			path = ProductSetting;
			sourceTree = "<group>";
		};
		C8138EE5217B38C10073D259 /* Agreement */ = {
			isa = PBXGroup;
			children = (
				C8138EE3217B38AF0073D259 /* AgreementViewController.swift */,
			);
			path = Agreement;
			sourceTree = "<group>";
		};
		C81543822153406700B3446D /* Model */ = {
			isa = PBXGroup;
			children = (
				C8B1F4D12160BB9E0080926C /* UserData */,
				C82BA99E215CB06A00996B11 /* Enum */,
				C81543832153409100B3446D /* Facebook */,
				C85D4F1E2154CF9800D73D8F /* Error */,
				C8154388215352AC00B3446D /* Firebase */,
				C849752C2157C27000555855 /* Product */,
			);
			name = Model;
			path = ..;
			sourceTree = "<group>";
		};
		C81543832153409100B3446D /* Facebook */ = {
			isa = PBXGroup;
			children = (
				C8154384215340A800B3446D /* FacebookManager.swift */,
			);
			path = Facebook;
			sourceTree = "<group>";
		};
		C8154388215352AC00B3446D /* Firebase */ = {
			isa = PBXGroup;
			children = (
				C8154386215352A500B3446D /* FirebaseManager.swift */,
			);
			path = Firebase;
			sourceTree = "<group>";
		};
		C8215FC92151FAB6006BC7A3 = {
			isa = PBXGroup;
			children = (
				C8215FD42151FAB6006BC7A3 /* CosTogether */,
				C8215FD32151FAB6006BC7A3 /* Products */,
				4E99B70E7CD0AAB67E19D8A6 /* Pods */,
				07C8581ADC8AEC8D2E036FCB /* Frameworks */,
			);
			sourceTree = "<group>";
		};
		C8215FD32151FAB6006BC7A3 /* Products */ = {
			isa = PBXGroup;
			children = (
				C8215FD22151FAB6006BC7A3 /* CosTogether.app */,
			);
			name = Products;
			sourceTree = "<group>";
		};
		C8215FD42151FAB6006BC7A3 /* CosTogether */ = {
			isa = PBXGroup;
			children = (
				C81543822153406700B3446D /* Model */,
				C8F8C9272152338400BDB0CE /* ViewController */,
				C849750F215762A300555855 /* View */,
				C8F8C928215233A700BDB0CE /* Storyboard */,
				C8F8C92B2152387100BDB0CE /* Extension */,
				C899426A216D9CA7008D7AF5 /* Pending */,
				C8215FDE2151FAB8006BC7A3 /* LaunchScreen.storyboard */,
				C8215FD52151FAB6006BC7A3 /* AppDelegate.swift */,
				C8F8C92C2152399200BDB0CE /* Assets.xcassets */,
				C8215FE12151FAB8006BC7A3 /* Info.plist */,
				C8215FE72151FAC4006BC7A3 /* GoogleService-Info.plist */,
				C80187F02173634800FAC704 /* Lottie */,
				C8F8C931215278E900BDB0CE /* fonts */,
			);
			path = CosTogether;
			sourceTree = "<group>";
		};
		C823A25D21675A770066D635 /* GroupBuy */ = {
			isa = PBXGroup;
			children = (
				C823A25E21675AA60066D635 /* ShareBuyViewController.swift */,
				C823A26021675B1C0066D635 /* HelpBuyViewController.swift */,
			);
			path = GroupBuy;
			sourceTree = "<group>";
		};
		C823A26B216904D40066D635 /* CreateArticle */ = {
			isa = PBXGroup;
			children = (
				C80B61F0216A112B00A59F28 /* ProductSetting */,
				C823A2692169049D0066D635 /* CreateArticleView.swift */,
				C8B77B012169BDA70067AC21 /* NewProductView.swift */,
			);
			path = CreateArticle;
			sourceTree = "<group>";
		};
		C827FAD921608108008AB665 /* Users */ = {
			isa = PBXGroup;
			children = (
				C827FAD7216080DA008AB665 /* Users.swift */,
			);
			path = Users;
			sourceTree = "<group>";
		};
		C82BA99A215C892700996B11 /* ProductPic */ = {
			isa = PBXGroup;
			children = (
				C82BA996215C891E00996B11 /* ProductPicTableViewCell.swift */,
				C82BA997215C891E00996B11 /* ProductPicTableViewCell.xib */,
			);
			path = ProductPic;
			sourceTree = "<group>";
		};
		C82BA99D215CB04900996B11 /* CellClass */ = {
			isa = PBXGroup;
			children = (
				C82BA99B215CB04500996B11 /* CellClass.swift */,
			);
			path = CellClass;
			sourceTree = "<group>";
		};
		C82BA99E215CB06A00996B11 /* Enum */ = {
			isa = PBXGroup;
			children = (
				C87B44732167035500283767 /* OpenGroup */,
				C827FAD921608108008AB665 /* Users */,
				C849751D21579BDD00555855 /* Fonts */,
				C82BA99D215CB04900996B11 /* CellClass */,
				C8E956BC2177449C00473C6B /* Notification.swift */,
			);
			path = Enum;
			sourceTree = "<group>";
		};
		C82BA9A5215CE44900996B11 /* ArticleInfo */ = {
			isa = PBXGroup;
			children = (
				C82BA9A1215CD76000996B11 /* ArticleInfoTableViewCell.swift */,
				C82BA9A2215CD76000996B11 /* ArticleInfoTableViewCell.xib */,
			);
			path = ArticleInfo;
			sourceTree = "<group>";
		};
		C82FA85F215A180900B75284 /* Detail */ = {
			isa = PBXGroup;
			children = (
				C82FA85D215A17D000B75284 /* DetailViewController.swift */,
			);
			path = Detail;
			sourceTree = "<group>";
		};
		C82FA862215A3CF400B75284 /* Message */ = {
			isa = PBXGroup;
			children = (
				C82FA860215A3CED00B75284 /* MessageView.swift */,
			);
			path = Message;
			sourceTree = "<group>";
		};
		C8378BD0215B610100CBAA51 /* ProductPic */ = {
			isa = PBXGroup;
			children = (
				C8378BCE215B60F700CBAA51 /* ProductPicView.swift */,
			);
			path = ProductPic;
			sourceTree = "<group>";
		};
		C849750F215762A300555855 /* View */ = {
			isa = PBXGroup;
			children = (
				C8786A11216CDE36001D2C63 /* PickerView */,
				C823A26B216904D40066D635 /* CreateArticle */,
				C87F8B0A215D23640060EA72 /* TopLog */,
				C8FCA3B5215BCD99008724A3 /* TableViewCell */,
				C8FCA3AD215BC557008724A3 /* ArticleInfo */,
				C8378BD0215B610100CBAA51 /* ProductPic */,
				C82FA862215A3CF400B75284 /* Message */,
				C8FCA3B4215BCD75008724A3 /* CollectionViewCell */,
			);
			name = View;
			path = Storyboard/View;
			sourceTree = "<group>";
		};
		C849751D21579BDD00555855 /* Fonts */ = {
			isa = PBXGroup;
			children = (
				C849751E21579BFE00555855 /* Fonts.swift */,
			);
			path = Fonts;
			sourceTree = "<group>";
		};
		C84975222157BABC00555855 /* MainPage */ = {
			isa = PBXGroup;
			children = (
				C823A25D21675A770066D635 /* GroupBuy */,
				C84975132157742A00555855 /* MainPageViewController.swift */,
				C810BB382159E4630064A656 /* MainNavigationViewController.swift */,
			);
			path = MainPage;
			sourceTree = "<group>";
		};
		C84975232157BAD900555855 /* TabBar */ = {
			isa = PBXGroup;
			children = (
				C8497504215670AF00555855 /* TabViewController.swift */,
			);
			path = TabBar;
			sourceTree = "<group>";
		};
		C84975242157BAF200555855 /* LogIn */ = {
			isa = PBXGroup;
			children = (
				C8F8C92521522AC200BDB0CE /* LogInViewController.swift */,
			);
			path = LogIn;
			sourceTree = "<group>";
		};
		C84975252157BCF600555855 /* Product */ = {
			isa = PBXGroup;
			children = (
				C84975262157BD1F00555855 /* ProductCollectionViewCell.swift */,
				C84975272157BD1F00555855 /* ProductCollectionViewCell.xib */,
			);
			path = Product;
			sourceTree = "<group>";
		};
		C849752C2157C27000555855 /* Product */ = {
			isa = PBXGroup;
			children = (
				C849752A2157C25D00555855 /* Product.swift */,
			);
			path = Product;
			sourceTree = "<group>";
		};
		C84AF269216DBCAA00CF5A47 /* OpenGroup */ = {
			isa = PBXGroup;
			children = (
				C85151A22175B2F9007B1324 /* CreateGroup */,
				C80187FE21758BE100FAC704 /* OpenGroupRootViewController.swift */,
				C85151A02175B2B9007B1324 /* OwnShareBuyViewController.swift */,
				C85151C32175E030007B1324 /* OwnHelpBuyViewController.swift */,
			);
			path = OpenGroup;
			sourceTree = "<group>";
		};
		C85151A22175B2F9007B1324 /* CreateGroup */ = {
			isa = PBXGroup;
			children = (
				C823A262216768820066D635 /* CreateGroupViewController.swift */,
			);
			path = CreateGroup;
			sourceTree = "<group>";
		};
		C85151C92175F63E007B1324 /* History */ = {
			isa = PBXGroup;
			children = (
				C85151C72175F559007B1324 /* HistoryViewController.swift */,
			);
			path = History;
			sourceTree = "<group>";
		};
		C859E294217FCDA300C2AF8F /* Image */ = {
			isa = PBXGroup;
			children = (
				C859E28A217FBCF000C2AF8F /* ImageTableViewCell.swift */,
				C859E28B217FBCF000C2AF8F /* ImageTableViewCell.xib */,
			);
			path = Image;
			sourceTree = "<group>";
		};
		C85D4F1E2154CF9800D73D8F /* Error */ = {
			isa = PBXGroup;
			children = (
				C85D4F1A2154B22400D73D8F /* ErrorManager.swift */,
			);
			path = Error;
			sourceTree = "<group>";
		};
		C8786A11216CDE36001D2C63 /* PickerView */ = {
			isa = PBXGroup;
			children = (
				C8786A0F216CDE1B001D2C63 /* PickerView.swift */,
			);
			path = PickerView;
			sourceTree = "<group>";
		};
		C87B44732167035500283767 /* OpenGroup */ = {
			isa = PBXGroup;
			children = (
				C87B44712167017300283767 /* OpenGroupType.swift */,
			);
			path = OpenGroup;
			sourceTree = "<group>";
		};
		C87F8B0A215D23640060EA72 /* TopLog */ = {
			isa = PBXGroup;
			children = (
				C87F8B08215D235A0060EA72 /* TopLogoView.swift */,
			);
			path = TopLog;
			sourceTree = "<group>";
		};
		C87F8B0F215D42C10060EA72 /* Order */ = {
			isa = PBXGroup;
			children = (
				C87F8B0B215D42BA0060EA72 /* OrderTableViewCell.swift */,
				C87F8B0C215D42BA0060EA72 /* OrderTableViewCell.xib */,
			);
			path = Order;
			sourceTree = "<group>";
		};
		C87F8B16215DD22D0060EA72 /* JoinGroup */ = {
			isa = PBXGroup;
			children = (
				C87F8B12215DD2230060EA72 /* JoinGroupTableViewCell.swift */,
				C87F8B13215DD2230060EA72 /* JoinGroupTableViewCell.xib */,
			);
			path = JoinGroup;
			sourceTree = "<group>";
		};
		C886097F215FA62D006B736A /* SendComment */ = {
			isa = PBXGroup;
			children = (
				C8860980215FA649006B736A /* SendCommentTableViewCell.swift */,
				C8860981215FA649006B736A /* SendCommentTableViewCell.xib */,
			);
			path = SendComment;
			sourceTree = "<group>";
		};
		C899426A216D9CA7008D7AF5 /* Pending */ = {
			isa = PBXGroup;
			children = (
				C80A71EB2162299300ED4FE9 /* Detail */,
				C84975202157BAB100555855 /* ProductViewController.swift */,
			);
			path = Pending;
			sourceTree = "<group>";
		};
		C8B1F4D12160BB9E0080926C /* UserData */ = {
			isa = PBXGroup;
			children = (
				C8D240972160D7EE00268F67 /* DataTypeModel.swift */,
			);
			path = UserData;
			sourceTree = "<group>";
		};
		C8B77B002169B3590067AC21 /* NewProduct */ = {
			isa = PBXGroup;
			children = (
				C8B77AFC2169B34F0067AC21 /* NewProductCollectionViewCell.swift */,
				C8B77AFD2169B34F0067AC21 /* NewProductCollectionViewCell.xib */,
			);
			path = NewProduct;
			sourceTree = "<group>";
		};
		C8B77B072169DDF00067AC21 /* AppendNewItem */ = {
			isa = PBXGroup;
			children = (
				C8B77B052169DDEC0067AC21 /* AppendNewItemViewController.swift */,
			);
			path = AppendNewItem;
			sourceTree = "<group>";
		};
		C8B91E73215FC79700F7CA3A /* Profile */ = {
			isa = PBXGroup;
			children = (
				C8B91E71215FC79200F7CA3A /* ProfileViewController.swift */,
			);
			path = Profile;
			sourceTree = "<group>";
		};
		C8BCF0D9215E230F00A2B1B8 /* Member */ = {
			isa = PBXGroup;
			children = (
				C8BCF0D5215E10A500A2B1B8 /* MemberCollectionViewCell.swift */,
				C8BCF0D6215E10A500A2B1B8 /* MemberCollectionViewCell.xib */,
			);
			path = Member;
			sourceTree = "<group>";
		};
		C8BCF0E0215E9CE200A2B1B8 /* ProductDetail */ = {
			isa = PBXGroup;
			children = (
				C8BCF0DC215E9CDD00A2B1B8 /* ProductDetailTableViewCell.swift */,
				C8BCF0DD215E9CDD00A2B1B8 /* ProductDetailTableViewCell.xib */,
			);
			path = ProductDetail;
			sourceTree = "<group>";
		};
		C8C2B478215F2B130033FB28 /* PreviousComment */ = {
			isa = PBXGroup;
			children = (
				C8C2B474215F2B000033FB28 /* PreviousCommentTableViewCell.swift */,
				C8C2B475215F2B000033FB28 /* PreviousCommentTableViewCell.xib */,
			);
			path = PreviousComment;
			sourceTree = "<group>";
		};
		C8C2B47D215F8BB80033FB28 /* CommonTitle */ = {
			isa = PBXGroup;
			children = (
				C8C2B479215F8BB00033FB28 /* CommonTitleTableViewCell.swift */,
				C8C2B47A215F8BB00033FB28 /* CommonTitleTableViewCell.xib */,
			);
			path = CommonTitle;
			sourceTree = "<group>";
		};
		C8E956B52176D2E400473C6B /* UserCalculate */ = {
			isa = PBXGroup;
			children = (
				C8EAD96A2180AE9E009E8823 /* Header */,
				C8EAD96F2180AEC0009E8823 /* Content */,
			);
			path = UserCalculate;
			sourceTree = "<group>";
		};
		C8E956BB2177249600473C6B /* MyProduct */ = {
			isa = PBXGroup;
			children = (
				C8E956B62177247600473C6B /* MyProductCollectionViewCell.swift */,
				C8E956B72177247600473C6B /* MyProductCollectionViewCell.xib */,
			);
			path = MyProduct;
			sourceTree = "<group>";
		};
		C8EAD9632180A495009E8823 /* GroupInfo */ = {
			isa = PBXGroup;
			children = (
				C8EAD95F21809348009E8823 /* GroupInfoTableViewCell.swift */,
				C8EAD96021809348009E8823 /* GroupInfoTableViewCell.xib */,
			);
			path = GroupInfo;
			sourceTree = "<group>";
		};
		C8EAD9642180A4C3009E8823 /* ProductInfo */ = {
			isa = PBXGroup;
			children = (
				C859E290217FCCE900C2AF8F /* ProductInfoTableViewCell.swift */,
				C859E291217FCCE900C2AF8F /* ProductInfoTableViewCell.xib */,
			);
			path = ProductInfo;
			sourceTree = "<group>";
		};
		C8EAD96A2180AE9E009E8823 /* Header */ = {
			isa = PBXGroup;
			children = (
				C8E956B12176D2DF00473C6B /* UserCalculateHeaderTableViewCell.swift */,
				C8E956B22176D2DF00473C6B /* UserCalculateHeaderTableViewCell.xib */,
				C8EAD9722180B848009E8823 /* UserCalculateHeader.swift */,
				C8EAD9742180B856009E8823 /* UserCalculateHeader.xib */,
			);
			path = Header;
			sourceTree = "<group>";
		};
		C8EAD96F2180AEC0009E8823 /* Content */ = {
			isa = PBXGroup;
			children = (
				C8EAD96B2180AEBC009E8823 /* UserCalculateTableViewCell.swift */,
				C8EAD96C2180AEBC009E8823 /* UserCalculateTableViewCell.xib */,
				C8EAD97A2180DE55009E8823 /* Footer */,
			);
			path = Content;
			sourceTree = "<group>";
		};
		C8EAD97A2180DE55009E8823 /* Footer */ = {
			isa = PBXGroup;
			children = (
				C8EAD9762180DE35009E8823 /* UserCalculateFooter.xib */,
				C8EAD9782180DE4C009E8823 /* UserCalculateFooter.swift */,
			);
			path = Footer;
			sourceTree = "<group>";
		};
		C8F8C9272152338400BDB0CE /* ViewController */ = {
			isa = PBXGroup;
			children = (
				C85151C12175D2D3007B1324 /* CosNavigationControllerViewController.swift */,
				C8138EE5217B38C10073D259 /* Agreement */,
				C85151C92175F63E007B1324 /* History */,
				C84975242157BAF200555855 /* LogIn */,
				C8FB98B9216103D800C78926 /* Chat */,
				C82FA85F215A180900B75284 /* Detail */,
				C84975222157BABC00555855 /* MainPage */,
				C84975232157BAD900555855 /* TabBar */,
				C8B91E73215FC79700F7CA3A /* Profile */,
				C8FB98C92161870100C78926 /* JoinGroup */,
				C84AF269216DBCAA00CF5A47 /* OpenGroup */,
				C8B77B072169DDF00067AC21 /* AppendNewItem */,
			);
			path = ViewController;
			sourceTree = "<group>";
		};
		C8F8C928215233A700BDB0CE /* Storyboard */ = {
			isa = PBXGroup;
			children = (
				C8215FD92151FAB6006BC7A3 /* Main.storyboard */,
				C823A2652168B1A50066D635 /* Detail.storyboard */,
				C85151C52175F472007B1324 /* GroupHistory.storyboard */,
				C8B77B032169DD850067AC21 /* AppendProductItem.storyboard */,
				C8FB98BC2161175B00C78926 /* ChatRoom.storyboard */,
				C8F8C923215227FA00BDB0CE /* LogIn.storyboard */,
			);
			path = Storyboard;
			sourceTree = "<group>";
		};
		C8F8C92B2152387100BDB0CE /* Extension */ = {
			isa = PBXGroup;
			children = (
				C80B61F1216A43B700A59F28 /* BaseNotificationBanner+.swift */,
				C888DB27216619010091F6F0 /* UIImage+.swift */,
				C84853EC2163BA5300EBCDFB /* Int+.swift */,
				C8FB98BA2161110E00C78926 /* UITableView+.swift */,
				C8F8C9292152375900BDB0CE /* UIStoryboard+.swift */,
				C84975192157913E00555855 /* UISegmentedControl+.swift */,
				C810BB3421592A3D0064A656 /* UIView+.swift */,
				C83870742153AA8200E64493 /* UIAlertController+.swift */,
				C84AF26A216E013B00CF5A47 /* Date+.swift */,
			);
			path = Extension;
			sourceTree = "<group>";
		};
		C8F8C931215278E900BDB0CE /* fonts */ = {
			isa = PBXGroup;
			children = (
				C8F8C932215279E300BDB0CE /* FuturaExtraBlackItalic.ttf */,
				C82BA995215C78CB00996B11 /* New Baskerville BT.ttf */,
				C849750621567C1B00555855 /* 中文仿宋體.ttf */,
				C849750721567C2100555855 /* 宋體 繁.ttc */,
				C849750C2156811300555855 /* NotoSans-Regular.ttf */,
				C82BA994215C74B800996B11 /* Didot HTFB96 Bold.otf */,
				C849750821567FDB00555855 /* NotoSans-Bold.ttf */,
			);
			name = fonts;
			path = ..;
			sourceTree = "<group>";
		};
		C8FB98B9216103D800C78926 /* Chat */ = {
			isa = PBXGroup;
			children = (
				C8FB98B7216103CC00C78926 /* ChatViewController.swift */,
				C8FB98C0216118D300C78926 /* ChatRoomViewController.swift */,
			);
			path = Chat;
			sourceTree = "<group>";
		};
		C8FB98C62161245300C78926 /* Message */ = {
			isa = PBXGroup;
			children = (
				C8FB98C22161244F00C78926 /* OhterMessageTableViewCell.swift */,
				C8FB98C32161244F00C78926 /* OhterMessageTableViewCell.xib */,
			);
			path = Message;
			sourceTree = "<group>";
		};
		C8FB98C92161870100C78926 /* JoinGroup */ = {
			isa = PBXGroup;
			children = (
				C80187F5217576BA00FAC704 /* GroupRootViewController.swift */,
				C80187F7217583A000FAC704 /* JoinHelpViewController.swift */,
				C8FB98C7216186F800C78926 /* JoinShareGroupViewController.swift */,
			);
			path = JoinGroup;
			sourceTree = "<group>";
		};
		C8FB98CC216194F800C78926 /* GroupHistory */ = {
			isa = PBXGroup;
			children = (
				C8FB98CD2161951A00C78926 /* GroupTableViewCell.swift */,
				C8FB98CE2161951A00C78926 /* GroupTableViewCell.xib */,
			);
			path = GroupHistory;
			sourceTree = "<group>";
		};
		C8FCA3AD215BC557008724A3 /* ArticleInfo */ = {
			isa = PBXGroup;
			children = (
				C8FCA3AE215BC5AB008724A3 /* ArticleInfoView.swift */,
			);
			path = ArticleInfo;
			sourceTree = "<group>";
		};
		C8FCA3B4215BCD75008724A3 /* CollectionViewCell */ = {
			isa = PBXGroup;
			children = (
				C8B77B002169B3590067AC21 /* NewProduct */,
				C84975252157BCF600555855 /* Product */,
				C8BCF0D9215E230F00A2B1B8 /* Member */,
				C8E956BB2177249600473C6B /* MyProduct */,
			);
			path = CollectionViewCell;
			sourceTree = "<group>";
		};
		C8FCA3B5215BCD99008724A3 /* TableViewCell */ = {
			isa = PBXGroup;
			children = (
				C886097F215FA62D006B736A /* SendComment */,
				C8C2B47D215F8BB80033FB28 /* CommonTitle */,
				C8C2B478215F2B130033FB28 /* PreviousComment */,
				C8FCA3B6215BCDBE008724A3 /* ProductItem */,
				C82BA99A215C892700996B11 /* ProductPic */,
				C82BA9A5215CE44900996B11 /* ArticleInfo */,
				C87F8B0F215D42C10060EA72 /* Order */,
				C8FB98C62161245300C78926 /* Message */,
				C87F8B16215DD22D0060EA72 /* JoinGroup */,
				C8BCF0E0215E9CE200A2B1B8 /* ProductDetail */,
				C8FB98CC216194F800C78926 /* GroupHistory */,
				C8E956B52176D2E400473C6B /* UserCalculate */,
				C859E294217FCDA300C2AF8F /* Image */,
				C8EAD9642180A4C3009E8823 /* ProductInfo */,
				C8EAD9632180A495009E8823 /* GroupInfo */,
			);
			path = TableViewCell;
			sourceTree = "<group>";
		};
		C8FCA3B6215BCDBE008724A3 /* ProductItem */ = {
			isa = PBXGroup;
			children = (
				C8FCA3B0215BCD61008724A3 /* ProductItemTableViewCell.swift */,
				C8FCA3B1215BCD61008724A3 /* ProductItemTableViewCell.xib */,
			);
			path = ProductItem;
			sourceTree = "<group>";
		};
/* End PBXGroup section */

/* Begin PBXNativeTarget section */
		C8215FD12151FAB6006BC7A3 /* CosTogether */ = {
			isa = PBXNativeTarget;
			buildConfigurationList = C8215FE42151FAB8006BC7A3 /* Build configuration list for PBXNativeTarget "CosTogether" */;
			buildPhases = (
				A4CAEC139D0268CC7DE2F7E8 /* [CP] Check Pods Manifest.lock */,
				C8215FCE2151FAB6006BC7A3 /* Sources */,
				C8215FCF2151FAB6006BC7A3 /* Frameworks */,
				C8215FD02151FAB6006BC7A3 /* Resources */,
				DD6A11BF80187AADE209762D /* [CP] Embed Pods Frameworks */,
				C8F8C922215205AB00BDB0CE /* ShellScript */,
			);
			buildRules = (
			);
			dependencies = (
			);
			name = CosTogether;
			productName = CosTogether;
			productReference = C8215FD22151FAB6006BC7A3 /* CosTogether.app */;
			productType = "com.apple.product-type.application";
		};
/* End PBXNativeTarget section */

/* Begin PBXProject section */
		C8215FCA2151FAB6006BC7A3 /* Project object */ = {
			isa = PBXProject;
			attributes = {
				LastSwiftUpdateCheck = 1000;
				LastUpgradeCheck = 1000;
				ORGANIZATIONNAME = "George Liu";
				TargetAttributes = {
					C8215FD12151FAB6006BC7A3 = {
						CreatedOnToolsVersion = 10.0;
					};
				};
			};
			buildConfigurationList = C8215FCD2151FAB6006BC7A3 /* Build configuration list for PBXProject "CosTogether" */;
			compatibilityVersion = "Xcode 9.3";
			developmentRegion = en;
			hasScannedForEncodings = 0;
			knownRegions = (
				en,
				Base,
			);
			mainGroup = C8215FC92151FAB6006BC7A3;
			productRefGroup = C8215FD32151FAB6006BC7A3 /* Products */;
			projectDirPath = "";
			projectRoot = "";
			targets = (
				C8215FD12151FAB6006BC7A3 /* CosTogether */,
			);
		};
/* End PBXProject section */

/* Begin PBXResourcesBuildPhase section */
		C8215FD02151FAB6006BC7A3 /* Resources */ = {
			isa = PBXResourcesBuildPhase;
			buildActionMask = 2147483647;
			files = (
				C8EAD96E2180AEBC009E8823 /* UserCalculateTableViewCell.xib in Resources */,
				C8E956B92177247600473C6B /* MyProductCollectionViewCell.xib in Resources */,
				C8BCF0D8215E10A500A2B1B8 /* MemberCollectionViewCell.xib in Resources */,
				C85151C62175F472007B1324 /* GroupHistory.storyboard in Resources */,
				C82BA9A4215CD76000996B11 /* ArticleInfoTableViewCell.xib in Resources */,
				C8F8C933215279F600BDB0CE /* FuturaExtraBlackItalic.ttf in Resources */,
				C8FB98C52161244F00C78926 /* OhterMessageTableViewCell.xib in Resources */,
				C8215FE02151FAB8006BC7A3 /* LaunchScreen.storyboard in Resources */,
				C8EAD96221809348009E8823 /* GroupInfoTableViewCell.xib in Resources */,
				C8B77AFF2169B34F0067AC21 /* NewProductCollectionViewCell.xib in Resources */,
				C823A2662168B1A50066D635 /* Detail.storyboard in Resources */,
				C8EAD9772180DE35009E8823 /* UserCalculateFooter.xib in Resources */,
				C8BCF0DF215E9CDD00A2B1B8 /* ProductDetailTableViewCell.xib in Resources */,
				C8C2B47C215F8BB00033FB28 /* CommonTitleTableViewCell.xib in Resources */,
				C8215FE82151FAC4006BC7A3 /* GoogleService-Info.plist in Resources */,
				C8860983215FA649006B736A /* SendCommentTableViewCell.xib in Resources */,
				C8E956B42176D2DF00473C6B /* UserCalculateHeaderTableViewCell.xib in Resources */,
				C859E28D217FBCF100C2AF8F /* ImageTableViewCell.xib in Resources */,
				C8B77B042169DD850067AC21 /* AppendProductItem.storyboard in Resources */,
				C80187F22173637700FAC704 /* get_started_slider.json in Resources */,
				C8EAD9752180B856009E8823 /* UserCalculateHeader.xib in Resources */,
				C82BA999215C891E00996B11 /* ProductPicTableViewCell.xib in Resources */,
				C8C2B477215F2B000033FB28 /* PreviousCommentTableViewCell.xib in Resources */,
				C8FB98BD2161175B00C78926 /* ChatRoom.storyboard in Resources */,
				C87F8B0E215D42BA0060EA72 /* OrderTableViewCell.xib in Resources */,
				C8215FDB2151FAB6006BC7A3 /* Main.storyboard in Resources */,
				C859E293217FCCE900C2AF8F /* ProductInfoTableViewCell.xib in Resources */,
				C8F8C924215227FA00BDB0CE /* LogIn.storyboard in Resources */,
				C8FCA3B3215BCD61008724A3 /* ProductItemTableViewCell.xib in Resources */,
				C87F8B15215DD2230060EA72 /* JoinGroupTableViewCell.xib in Resources */,
				C84975292157BD1F00555855 /* ProductCollectionViewCell.xib in Resources */,
				C8FB98D02161951A00C78926 /* GroupTableViewCell.xib in Resources */,
				C8F8C92D2152399200BDB0CE /* Assets.xcassets in Resources */,
			);
			runOnlyForDeploymentPostprocessing = 0;
		};
/* End PBXResourcesBuildPhase section */

/* Begin PBXShellScriptBuildPhase section */
		A4CAEC139D0268CC7DE2F7E8 /* [CP] Check Pods Manifest.lock */ = {
			isa = PBXShellScriptBuildPhase;
			buildActionMask = 2147483647;
			files = (
			);
			inputPaths = (
				"${PODS_PODFILE_DIR_PATH}/Podfile.lock",
				"${PODS_ROOT}/Manifest.lock",
			);
			name = "[CP] Check Pods Manifest.lock";
			outputPaths = (
				"$(DERIVED_FILE_DIR)/Pods-CosTogether-checkManifestLockResult.txt",
			);
			runOnlyForDeploymentPostprocessing = 0;
			shellPath = /bin/sh;
			shellScript = "diff \"${PODS_PODFILE_DIR_PATH}/Podfile.lock\" \"${PODS_ROOT}/Manifest.lock\" > /dev/null\nif [ $? != 0 ] ; then\n    # print error to STDERR\n    echo \"error: The sandbox is not in sync with the Podfile.lock. Run 'pod install' or update your CocoaPods installation.\" >&2\n    exit 1\nfi\n# This output is used by Xcode 'outputs' to avoid re-running this script phase.\necho \"SUCCESS\" > \"${SCRIPT_OUTPUT_FILE_0}\"\n";
			showEnvVarsInLog = 0;
		};
		C8F8C922215205AB00BDB0CE /* ShellScript */ = {
			isa = PBXShellScriptBuildPhase;
			buildActionMask = 2147483647;
			files = (
			);
			inputFileListPaths = (
			);
			inputPaths = (
			);
			outputFileListPaths = (
			);
			outputPaths = (
			);
			runOnlyForDeploymentPostprocessing = 0;
			shellPath = /bin/sh;
			shellScript = "\"${PODS_ROOT}/Fabric/run\" 8637237e6252c80255d22f8ff666a8fc31c13bf9 9eaf0f93f54da74ad11e90ca769d7b44d150dcb1d1c779ee24845e57ec46bd90\n";
		};
		DD6A11BF80187AADE209762D /* [CP] Embed Pods Frameworks */ = {
			isa = PBXShellScriptBuildPhase;
			buildActionMask = 2147483647;
			files = (
			);
			inputPaths = (
				"${PODS_ROOT}/Target Support Files/Pods-CosTogether/Pods-CosTogether-frameworks.sh",
				"${BUILT_PRODUCTS_DIR}/AnimatedCollectionViewLayout/AnimatedCollectionViewLayout.framework",
				"${BUILT_PRODUCTS_DIR}/Bolts/Bolts.framework",
				"${BUILT_PRODUCTS_DIR}/FBSDKCoreKit/FBSDKCoreKit.framework",
				"${BUILT_PRODUCTS_DIR}/FBSDKLoginKit/FBSDKLoginKit.framework",
				"${BUILT_PRODUCTS_DIR}/FSPagerView/FSPagerView.framework",
				"${BUILT_PRODUCTS_DIR}/GTMSessionFetcher/GTMSessionFetcher.framework",
				"${BUILT_PRODUCTS_DIR}/GoogleUtilities/GoogleUtilities.framework",
				"${BUILT_PRODUCTS_DIR}/IQKeyboardManagerSwift/IQKeyboardManagerSwift.framework",
				"${BUILT_PRODUCTS_DIR}/KeychainAccess/KeychainAccess.framework",
				"${BUILT_PRODUCTS_DIR}/MarqueeLabel/MarqueeLabel.framework",
				"${BUILT_PRODUCTS_DIR}/NotificationBannerSwift/NotificationBannerSwift.framework",
				"${BUILT_PRODUCTS_DIR}/SDWebImage/SDWebImage.framework",
				"${BUILT_PRODUCTS_DIR}/SVProgressHUD/SVProgressHUD.framework",
				"${BUILT_PRODUCTS_DIR}/SnapKit/SnapKit.framework",
				"${BUILT_PRODUCTS_DIR}/leveldb-library/leveldb.framework",
				"${BUILT_PRODUCTS_DIR}/lottie-ios/Lottie.framework",
				"${BUILT_PRODUCTS_DIR}/nanopb/nanopb.framework",
			);
			name = "[CP] Embed Pods Frameworks";
			outputPaths = (
				"${TARGET_BUILD_DIR}/${FRAMEWORKS_FOLDER_PATH}/AnimatedCollectionViewLayout.framework",
				"${TARGET_BUILD_DIR}/${FRAMEWORKS_FOLDER_PATH}/Bolts.framework",
				"${TARGET_BUILD_DIR}/${FRAMEWORKS_FOLDER_PATH}/FBSDKCoreKit.framework",
				"${TARGET_BUILD_DIR}/${FRAMEWORKS_FOLDER_PATH}/FBSDKLoginKit.framework",
				"${TARGET_BUILD_DIR}/${FRAMEWORKS_FOLDER_PATH}/FSPagerView.framework",
				"${TARGET_BUILD_DIR}/${FRAMEWORKS_FOLDER_PATH}/GTMSessionFetcher.framework",
				"${TARGET_BUILD_DIR}/${FRAMEWORKS_FOLDER_PATH}/GoogleUtilities.framework",
				"${TARGET_BUILD_DIR}/${FRAMEWORKS_FOLDER_PATH}/IQKeyboardManagerSwift.framework",
				"${TARGET_BUILD_DIR}/${FRAMEWORKS_FOLDER_PATH}/KeychainAccess.framework",
				"${TARGET_BUILD_DIR}/${FRAMEWORKS_FOLDER_PATH}/MarqueeLabel.framework",
				"${TARGET_BUILD_DIR}/${FRAMEWORKS_FOLDER_PATH}/NotificationBannerSwift.framework",
				"${TARGET_BUILD_DIR}/${FRAMEWORKS_FOLDER_PATH}/SDWebImage.framework",
				"${TARGET_BUILD_DIR}/${FRAMEWORKS_FOLDER_PATH}/SVProgressHUD.framework",
				"${TARGET_BUILD_DIR}/${FRAMEWORKS_FOLDER_PATH}/SnapKit.framework",
				"${TARGET_BUILD_DIR}/${FRAMEWORKS_FOLDER_PATH}/leveldb.framework",
				"${TARGET_BUILD_DIR}/${FRAMEWORKS_FOLDER_PATH}/Lottie.framework",
				"${TARGET_BUILD_DIR}/${FRAMEWORKS_FOLDER_PATH}/nanopb.framework",
			);
			runOnlyForDeploymentPostprocessing = 0;
			shellPath = /bin/sh;
			shellScript = "\"${PODS_ROOT}/Target Support Files/Pods-CosTogether/Pods-CosTogether-frameworks.sh\"\n";
			showEnvVarsInLog = 0;
		};
/* End PBXShellScriptBuildPhase section */

/* Begin PBXSourcesBuildPhase section */
		C8215FCE2151FAB6006BC7A3 /* Sources */ = {
			isa = PBXSourcesBuildPhase;
			buildActionMask = 2147483647;
			files = (
				C8B77B062169DDEC0067AC21 /* AppendNewItemViewController.swift in Sources */,
				C8FB98C8216186F800C78926 /* JoinShareGroupViewController.swift in Sources */,
				C8C2B47B215F8BB00033FB28 /* CommonTitleTableViewCell.swift in Sources */,
				C80B61F2216A43B700A59F28 /* BaseNotificationBanner+.swift in Sources */,
				C849751F21579BFE00555855 /* Fonts.swift in Sources */,
				C84975212157BAB100555855 /* ProductViewController.swift in Sources */,
				C859E28C217FBCF000C2AF8F /* ImageTableViewCell.swift in Sources */,
				C8B77B022169BDA70067AC21 /* NewProductView.swift in Sources */,
				C8FB98C42161244F00C78926 /* OhterMessageTableViewCell.swift in Sources */,
				C84975282157BD1F00555855 /* ProductCollectionViewCell.swift in Sources */,
				C82BA9A3215CD76000996B11 /* ArticleInfoTableViewCell.swift in Sources */,
				C810BB392159E4630064A656 /* MainNavigationViewController.swift in Sources */,
				C8E956B32176D2DF00473C6B /* UserCalculateHeaderTableViewCell.swift in Sources */,
				C8786A10216CDE1B001D2C63 /* PickerView.swift in Sources */,
				C84AF26B216E013B00CF5A47 /* Date+.swift in Sources */,
				C8E956B82177247600473C6B /* MyProductCollectionViewCell.swift in Sources */,
				C8E956BD2177449C00473C6B /* Notification.swift in Sources */,
				C8B91E72215FC79200F7CA3A /* ProfileViewController.swift in Sources */,
				C8FB98CF2161951A00C78926 /* GroupTableViewCell.swift in Sources */,
				C80A71EA2162298D00ED4FE9 /* DetailManager.swift in Sources */,
				C82BA99C215CB04500996B11 /* CellClass.swift in Sources */,
				C8EAD9732180B848009E8823 /* UserCalculateHeader.swift in Sources */,
				C823A25F21675AA60066D635 /* ShareBuyViewController.swift in Sources */,
				C87B44722167017300283767 /* OpenGroupType.swift in Sources */,
				C85151C22175D2D3007B1324 /* CosNavigationControllerViewController.swift in Sources */,
				C859E292217FCCE900C2AF8F /* ProductInfoTableViewCell.swift in Sources */,
				C8BCF0D7215E10A500A2B1B8 /* MemberCollectionViewCell.swift in Sources */,
				C823A26121675B1C0066D635 /* HelpBuyViewController.swift in Sources */,
				C84975142157742A00555855 /* MainPageViewController.swift in Sources */,
				C8FB98BB2161110E00C78926 /* UITableView+.swift in Sources */,
				C80187F8217583A000FAC704 /* JoinHelpViewController.swift in Sources */,
				C8138EE4217B38AF0073D259 /* AgreementViewController.swift in Sources */,
				C80B61EF216A10E100A59F28 /* ProductSettingView.swift in Sources */,
				C8154387215352A500B3446D /* FirebaseManager.swift in Sources */,
				C849752B2157C25D00555855 /* Product.swift in Sources */,
				C82FA85E215A17D000B75284 /* DetailViewController.swift in Sources */,
				C888DB28216619010091F6F0 /* UIImage+.swift in Sources */,
				C8F8C92A2152375900BDB0CE /* UIStoryboard+.swift in Sources */,
				C82BA998215C891E00996B11 /* ProductPicTableViewCell.swift in Sources */,
				C85D4F1B2154B22400D73D8F /* ErrorManager.swift in Sources */,
				C849751A2157913E00555855 /* UISegmentedControl+.swift in Sources */,
				C8FB98B8216103CC00C78926 /* ChatViewController.swift in Sources */,
				C85151C42175E030007B1324 /* OwnHelpBuyViewController.swift in Sources */,
				C83870752153AA8200E64493 /* UIAlertController+.swift in Sources */,
				C8EAD9792180DE4C009E8823 /* UserCalculateFooter.swift in Sources */,
				C80187FF21758BE100FAC704 /* OpenGroupRootViewController.swift in Sources */,
				C8C2B476215F2B000033FB28 /* PreviousCommentTableViewCell.swift in Sources */,
				C8FCA3AF215BC5AB008724A3 /* ArticleInfoView.swift in Sources */,
				C82FA861215A3CED00B75284 /* MessageView.swift in Sources */,
				C85151C82175F559007B1324 /* HistoryViewController.swift in Sources */,
				C810BB3521592A3D0064A656 /* UIView+.swift in Sources */,
				C8EAD96121809348009E8823 /* GroupInfoTableViewCell.swift in Sources */,
				C85151A12175B2B9007B1324 /* OwnShareBuyViewController.swift in Sources */,
				C827FAD8216080DA008AB665 /* Users.swift in Sources */,
				C80187F6217576BA00FAC704 /* GroupRootViewController.swift in Sources */,
				C8D240982160D7EE00268F67 /* DataTypeModel.swift in Sources */,
				C8B77AFE2169B34F0067AC21 /* NewProductCollectionViewCell.swift in Sources */,
				C8154385215340A800B3446D /* FacebookManager.swift in Sources */,
				C8497505215670AF00555855 /* TabViewController.swift in Sources */,
				C8215FD62151FAB6006BC7A3 /* AppDelegate.swift in Sources */,
				C8F8C92621522AC200BDB0CE /* LogInViewController.swift in Sources */,
				C87F8B09215D235A0060EA72 /* TopLogoView.swift in Sources */,
				C823A263216768820066D635 /* CreateGroupViewController.swift in Sources */,
				C8BCF0DE215E9CDD00A2B1B8 /* ProductDetailTableViewCell.swift in Sources */,
				C87F8B0D215D42BA0060EA72 /* OrderTableViewCell.swift in Sources */,
				C823A26A2169049D0066D635 /* CreateArticleView.swift in Sources */,
				C8FB98C1216118D300C78926 /* ChatRoomViewController.swift in Sources */,
				C87F8B14215DD2230060EA72 /* JoinGroupTableViewCell.swift in Sources */,
				C84853ED2163BA5300EBCDFB /* Int+.swift in Sources */,
				C8EAD96D2180AEBC009E8823 /* UserCalculateTableViewCell.swift in Sources */,
				C8860982215FA649006B736A /* SendCommentTableViewCell.swift in Sources */,
				C8FCA3B2215BCD61008724A3 /* ProductItemTableViewCell.swift in Sources */,
				C8378BCF215B60F700CBAA51 /* ProductPicView.swift in Sources */,
			);
			runOnlyForDeploymentPostprocessing = 0;
		};
/* End PBXSourcesBuildPhase section */

/* Begin PBXVariantGroup section */
		C8215FD92151FAB6006BC7A3 /* Main.storyboard */ = {
			isa = PBXVariantGroup;
			children = (
				C8215FDA2151FAB6006BC7A3 /* Base */,
			);
			name = Main.storyboard;
			sourceTree = "<group>";
		};
		C8215FDE2151FAB8006BC7A3 /* LaunchScreen.storyboard */ = {
			isa = PBXVariantGroup;
			children = (
				C8215FDF2151FAB8006BC7A3 /* Base */,
			);
			name = LaunchScreen.storyboard;
			sourceTree = "<group>";
		};
/* End PBXVariantGroup section */

/* Begin XCBuildConfiguration section */
		C8215FE22151FAB8006BC7A3 /* Debug */ = {
			isa = XCBuildConfiguration;
			buildSettings = {
				ALWAYS_SEARCH_USER_PATHS = NO;
				CLANG_ANALYZER_NONNULL = YES;
				CLANG_ANALYZER_NUMBER_OBJECT_CONVERSION = YES_AGGRESSIVE;
				CLANG_CXX_LANGUAGE_STANDARD = "gnu++14";
				CLANG_CXX_LIBRARY = "libc++";
				CLANG_ENABLE_MODULES = YES;
				CLANG_ENABLE_OBJC_ARC = YES;
				CLANG_ENABLE_OBJC_WEAK = YES;
				CLANG_WARN_BLOCK_CAPTURE_AUTORELEASING = YES;
				CLANG_WARN_BOOL_CONVERSION = YES;
				CLANG_WARN_COMMA = YES;
				CLANG_WARN_CONSTANT_CONVERSION = YES;
				CLANG_WARN_DEPRECATED_OBJC_IMPLEMENTATIONS = YES;
				CLANG_WARN_DIRECT_OBJC_ISA_USAGE = YES_ERROR;
				CLANG_WARN_DOCUMENTATION_COMMENTS = YES;
				CLANG_WARN_EMPTY_BODY = YES;
				CLANG_WARN_ENUM_CONVERSION = YES;
				CLANG_WARN_INFINITE_RECURSION = YES;
				CLANG_WARN_INT_CONVERSION = YES;
				CLANG_WARN_NON_LITERAL_NULL_CONVERSION = YES;
				CLANG_WARN_OBJC_IMPLICIT_RETAIN_SELF = YES;
				CLANG_WARN_OBJC_LITERAL_CONVERSION = YES;
				CLANG_WARN_OBJC_ROOT_CLASS = YES_ERROR;
				CLANG_WARN_RANGE_LOOP_ANALYSIS = YES;
				CLANG_WARN_STRICT_PROTOTYPES = YES;
				CLANG_WARN_SUSPICIOUS_MOVE = YES;
				CLANG_WARN_UNGUARDED_AVAILABILITY = YES_AGGRESSIVE;
				CLANG_WARN_UNREACHABLE_CODE = YES;
				CLANG_WARN__DUPLICATE_METHOD_MATCH = YES;
				CODE_SIGN_IDENTITY = "iPhone Developer";
				COPY_PHASE_STRIP = NO;
				DEBUG_INFORMATION_FORMAT = dwarf;
				ENABLE_STRICT_OBJC_MSGSEND = YES;
				ENABLE_TESTABILITY = YES;
				GCC_C_LANGUAGE_STANDARD = gnu11;
				GCC_DYNAMIC_NO_PIC = NO;
				GCC_NO_COMMON_BLOCKS = YES;
				GCC_OPTIMIZATION_LEVEL = 0;
				GCC_PREPROCESSOR_DEFINITIONS = (
					"DEBUG=1",
					"$(inherited)",
				);
				GCC_WARN_64_TO_32_BIT_CONVERSION = YES;
				GCC_WARN_ABOUT_RETURN_TYPE = YES_ERROR;
				GCC_WARN_UNDECLARED_SELECTOR = YES;
				GCC_WARN_UNINITIALIZED_AUTOS = YES_AGGRESSIVE;
				GCC_WARN_UNUSED_FUNCTION = YES;
				GCC_WARN_UNUSED_VARIABLE = YES;
				IPHONEOS_DEPLOYMENT_TARGET = 12.0;
				MTL_ENABLE_DEBUG_INFO = INCLUDE_SOURCE;
				MTL_FAST_MATH = YES;
				ONLY_ACTIVE_ARCH = YES;
				SDKROOT = iphoneos;
				SWIFT_ACTIVE_COMPILATION_CONDITIONS = DEBUG;
				SWIFT_OPTIMIZATION_LEVEL = "-Onone";
			};
			name = Debug;
		};
		C8215FE32151FAB8006BC7A3 /* Release */ = {
			isa = XCBuildConfiguration;
			buildSettings = {
				ALWAYS_SEARCH_USER_PATHS = NO;
				CLANG_ANALYZER_NONNULL = YES;
				CLANG_ANALYZER_NUMBER_OBJECT_CONVERSION = YES_AGGRESSIVE;
				CLANG_CXX_LANGUAGE_STANDARD = "gnu++14";
				CLANG_CXX_LIBRARY = "libc++";
				CLANG_ENABLE_MODULES = YES;
				CLANG_ENABLE_OBJC_ARC = YES;
				CLANG_ENABLE_OBJC_WEAK = YES;
				CLANG_WARN_BLOCK_CAPTURE_AUTORELEASING = YES;
				CLANG_WARN_BOOL_CONVERSION = YES;
				CLANG_WARN_COMMA = YES;
				CLANG_WARN_CONSTANT_CONVERSION = YES;
				CLANG_WARN_DEPRECATED_OBJC_IMPLEMENTATIONS = YES;
				CLANG_WARN_DIRECT_OBJC_ISA_USAGE = YES_ERROR;
				CLANG_WARN_DOCUMENTATION_COMMENTS = YES;
				CLANG_WARN_EMPTY_BODY = YES;
				CLANG_WARN_ENUM_CONVERSION = YES;
				CLANG_WARN_INFINITE_RECURSION = YES;
				CLANG_WARN_INT_CONVERSION = YES;
				CLANG_WARN_NON_LITERAL_NULL_CONVERSION = YES;
				CLANG_WARN_OBJC_IMPLICIT_RETAIN_SELF = YES;
				CLANG_WARN_OBJC_LITERAL_CONVERSION = YES;
				CLANG_WARN_OBJC_ROOT_CLASS = YES_ERROR;
				CLANG_WARN_RANGE_LOOP_ANALYSIS = YES;
				CLANG_WARN_STRICT_PROTOTYPES = YES;
				CLANG_WARN_SUSPICIOUS_MOVE = YES;
				CLANG_WARN_UNGUARDED_AVAILABILITY = YES_AGGRESSIVE;
				CLANG_WARN_UNREACHABLE_CODE = YES;
				CLANG_WARN__DUPLICATE_METHOD_MATCH = YES;
				CODE_SIGN_IDENTITY = "iPhone Developer";
				COPY_PHASE_STRIP = NO;
				DEBUG_INFORMATION_FORMAT = "dwarf-with-dsym";
				ENABLE_NS_ASSERTIONS = NO;
				ENABLE_STRICT_OBJC_MSGSEND = YES;
				GCC_C_LANGUAGE_STANDARD = gnu11;
				GCC_NO_COMMON_BLOCKS = YES;
				GCC_WARN_64_TO_32_BIT_CONVERSION = YES;
				GCC_WARN_ABOUT_RETURN_TYPE = YES_ERROR;
				GCC_WARN_UNDECLARED_SELECTOR = YES;
				GCC_WARN_UNINITIALIZED_AUTOS = YES_AGGRESSIVE;
				GCC_WARN_UNUSED_FUNCTION = YES;
				GCC_WARN_UNUSED_VARIABLE = YES;
				IPHONEOS_DEPLOYMENT_TARGET = 12.0;
				MTL_ENABLE_DEBUG_INFO = NO;
				MTL_FAST_MATH = YES;
				SDKROOT = iphoneos;
				SWIFT_COMPILATION_MODE = wholemodule;
				SWIFT_OPTIMIZATION_LEVEL = "-O";
				VALIDATE_PRODUCT = YES;
			};
			name = Release;
		};
		C8215FE52151FAB8006BC7A3 /* Debug */ = {
			isa = XCBuildConfiguration;
			baseConfigurationReference = 69B08EB91AF6B59E4F5A2856 /* Pods-CosTogether.debug.xcconfig */;
			buildSettings = {
				ASSETCATALOG_COMPILER_APPICON_NAME = AppIcon;
				CODE_SIGN_STYLE = Automatic;
				DEBUG_INFORMATION_FORMAT = "dwarf-with-dsym";
				DEVELOPMENT_TEAM = 6BWKV47PKT;
				INFOPLIST_FILE = CosTogether/Info.plist;
				IPHONEOS_DEPLOYMENT_TARGET = 11.4;
				LD_RUNPATH_SEARCH_PATHS = (
					"$(inherited)",
					"@executable_path/Frameworks",
				);
				PRODUCT_BUNDLE_IDENTIFIER = com.george.CosTogether;
				PRODUCT_NAME = "$(TARGET_NAME)";
				SWIFT_VERSION = 4.2;
				TARGETED_DEVICE_FAMILY = 1;
			};
			name = Debug;
		};
		C8215FE62151FAB8006BC7A3 /* Release */ = {
			isa = XCBuildConfiguration;
			baseConfigurationReference = 33ED0C0E585EB4AE1778949B /* Pods-CosTogether.release.xcconfig */;
			buildSettings = {
				ASSETCATALOG_COMPILER_APPICON_NAME = AppIcon;
				CODE_SIGN_STYLE = Automatic;
				DEBUG_INFORMATION_FORMAT = "dwarf-with-dsym";
				DEVELOPMENT_TEAM = 6BWKV47PKT;
				INFOPLIST_FILE = CosTogether/Info.plist;
				IPHONEOS_DEPLOYMENT_TARGET = 11.4;
				LD_RUNPATH_SEARCH_PATHS = (
					"$(inherited)",
					"@executable_path/Frameworks",
				);
				PRODUCT_BUNDLE_IDENTIFIER = com.george.CosTogether;
				PRODUCT_NAME = "$(TARGET_NAME)";
				SWIFT_VERSION = 4.2;
				TARGETED_DEVICE_FAMILY = 1;
			};
			name = Release;
		};
/* End XCBuildConfiguration section */

/* Begin XCConfigurationList section */
		C8215FCD2151FAB6006BC7A3 /* Build configuration list for PBXProject "CosTogether" */ = {
			isa = XCConfigurationList;
			buildConfigurations = (
				C8215FE22151FAB8006BC7A3 /* Debug */,
				C8215FE32151FAB8006BC7A3 /* Release */,
			);
			defaultConfigurationIsVisible = 0;
			defaultConfigurationName = Release;
		};
		C8215FE42151FAB8006BC7A3 /* Build configuration list for PBXNativeTarget "CosTogether" */ = {
			isa = XCConfigurationList;
			buildConfigurations = (
				C8215FE52151FAB8006BC7A3 /* Debug */,
				C8215FE62151FAB8006BC7A3 /* Release */,
			);
			defaultConfigurationIsVisible = 0;
			defaultConfigurationName = Release;
		};
/* End XCConfigurationList section */
	};
	rootObject = C8215FCA2151FAB6006BC7A3 /* Project object */;
}
